// !$*UTF8*$!
{
	archiveVersion = 1;
	classes = {
	};
	objectVersion = 46;
	objects = {

/* Begin PBXBuildFile section */
		22013D1C1D7F0CCE001AD2E0 /* TDCustomerSettlementViewController.mm in Sources */ = {isa = PBXBuildFile; fileRef = 22013D1A1D7F0CCE001AD2E0 /* TDCustomerSettlementViewController.mm */; };
		22013D1D1D7F0CCE001AD2E0 /* TDCustomerSettlementViewController.xib in Resources */ = {isa = PBXBuildFile; fileRef = 22013D1B1D7F0CCE001AD2E0 /* TDCustomerSettlementViewController.xib */; };
		22013D211D7F158D001AD2E0 /* TDSotreListTableViewController.m in Sources */ = {isa = PBXBuildFile; fileRef = 22013D1F1D7F158D001AD2E0 /* TDSotreListTableViewController.m */; };
		22013D221D7F158D001AD2E0 /* TDSotreListTableViewController.xib in Resources */ = {isa = PBXBuildFile; fileRef = 22013D201D7F158D001AD2E0 /* TDSotreListTableViewController.xib */; };
		2215B09B1D6C903C00616107 /* TDProductPreviewTableViewCell.m in Sources */ = {isa = PBXBuildFile; fileRef = 2215B0991D6C903C00616107 /* TDProductPreviewTableViewCell.m */; };
		2215B09C1D6C903C00616107 /* TDProductPreviewTableViewCell.xib in Resources */ = {isa = PBXBuildFile; fileRef = 2215B09A1D6C903C00616107 /* TDProductPreviewTableViewCell.xib */; };
		2215B09F1D6C90D400616107 /* TDSaveBanner.m in Sources */ = {isa = PBXBuildFile; fileRef = 2215B09E1D6C90D400616107 /* TDSaveBanner.m */; };
		2215B0A21D6C915100616107 /* TDCashierBanner.m in Sources */ = {isa = PBXBuildFile; fileRef = 2215B0A11D6C915100616107 /* TDCashierBanner.m */; };
		2215B0A61D6C930600616107 /* TDSearchScanViewController.m in Sources */ = {isa = PBXBuildFile; fileRef = 2215B0A41D6C930600616107 /* TDSearchScanViewController.m */; };
		2215B0A71D6C930600616107 /* TDSearchScanViewController.xib in Resources */ = {isa = PBXBuildFile; fileRef = 2215B0A51D6C930600616107 /* TDSearchScanViewController.xib */; };
		2215B0AB1D6C953900616107 /* TDSearchChooseViewController.m in Sources */ = {isa = PBXBuildFile; fileRef = 2215B0A91D6C953900616107 /* TDSearchChooseViewController.m */; };
		2215B0AC1D6C953900616107 /* TDSearchChooseViewController.xib in Resources */ = {isa = PBXBuildFile; fileRef = 2215B0AA1D6C953900616107 /* TDSearchChooseViewController.xib */; };
		2215B0F01D6C9C6800616107 /* TDSaveBanner.xib in Resources */ = {isa = PBXBuildFile; fileRef = 2215B0EF1D6C9C6800616107 /* TDSaveBanner.xib */; };
		2215B3341D6F304500616107 /* TDCountingViewController.m in Sources */ = {isa = PBXBuildFile; fileRef = 2215B3321D6F304500616107 /* TDCountingViewController.m */; };
		2215B3351D6F304500616107 /* TDCountingViewController.xib in Resources */ = {isa = PBXBuildFile; fileRef = 2215B3331D6F304500616107 /* TDCountingViewController.xib */; };
		2215B3421D6F30E700616107 /* TDBaseViewController.m in Sources */ = {isa = PBXBuildFile; fileRef = 2215B3411D6F30E700616107 /* TDBaseViewController.m */; };
		2215B3461D6F32A400616107 /* TDDeliverViewController.m in Sources */ = {isa = PBXBuildFile; fileRef = 2215B3441D6F32A400616107 /* TDDeliverViewController.m */; };
		2215B3471D6F32A400616107 /* TDDeliverViewController.xib in Resources */ = {isa = PBXBuildFile; fileRef = 2215B3451D6F32A400616107 /* TDDeliverViewController.xib */; };
		2215B34B1D6F372600616107 /* TDDeliverScanViewController.m in Sources */ = {isa = PBXBuildFile; fileRef = 2215B3491D6F372600616107 /* TDDeliverScanViewController.m */; };
		2215B34C1D6F372600616107 /* TDDeliverScanViewController.xib in Resources */ = {isa = PBXBuildFile; fileRef = 2215B34A1D6F372600616107 /* TDDeliverScanViewController.xib */; };
		2215B34F1D6F391700616107 /* TDOptionsBanner.m in Sources */ = {isa = PBXBuildFile; fileRef = 2215B34E1D6F391700616107 /* TDOptionsBanner.m */; };
		2215B3511D6F394B00616107 /* TDOptionsBanner.xib in Resources */ = {isa = PBXBuildFile; fileRef = 2215B3501D6F394B00616107 /* TDOptionsBanner.xib */; };
		2215B3551D6F3CED00616107 /* TDDeliverChooseViewController.m in Sources */ = {isa = PBXBuildFile; fileRef = 2215B3531D6F3CED00616107 /* TDDeliverChooseViewController.m */; };
		2215B3561D6F3CED00616107 /* TDDeliverChooseViewController.xib in Resources */ = {isa = PBXBuildFile; fileRef = 2215B3541D6F3CED00616107 /* TDDeliverChooseViewController.xib */; };
		2221A8F01D64AFC900D30775 /* TDVerifyViewController.m in Sources */ = {isa = PBXBuildFile; fileRef = 2221A8EE1D64AFC900D30775 /* TDVerifyViewController.m */; };
		2221A8F11D64AFC900D30775 /* TDVerifyViewController.xib in Resources */ = {isa = PBXBuildFile; fileRef = 2221A8EF1D64AFC900D30775 /* TDVerifyViewController.xib */; };
		22409DBA1D745EA1004FF14C /* TDCashierViewController.m in Sources */ = {isa = PBXBuildFile; fileRef = 22409DB81D745EA1004FF14C /* TDCashierViewController.m */; };
		22409DBB1D745EA1004FF14C /* TDCashierViewController.xib in Resources */ = {isa = PBXBuildFile; fileRef = 22409DB91D745EA1004FF14C /* TDCashierViewController.xib */; };
		22409DBF1D745EC2004FF14C /* TDCashierScanViewController.m in Sources */ = {isa = PBXBuildFile; fileRef = 22409DBD1D745EC2004FF14C /* TDCashierScanViewController.m */; };
		22409DC01D745EC2004FF14C /* TDCashierScanViewController.xib in Resources */ = {isa = PBXBuildFile; fileRef = 22409DBE1D745EC2004FF14C /* TDCashierScanViewController.xib */; };
		22409DC41D745ED8004FF14C /* TDCashierChooseViewController.m in Sources */ = {isa = PBXBuildFile; fileRef = 22409DC21D745ED8004FF14C /* TDCashierChooseViewController.m */; };
		22409DC51D745ED8004FF14C /* TDCashierChooseViewController.xib in Resources */ = {isa = PBXBuildFile; fileRef = 22409DC31D745ED8004FF14C /* TDCashierChooseViewController.xib */; };
		22409DC71D746208004FF14C /* TDCashierBanner.xib in Resources */ = {isa = PBXBuildFile; fileRef = 22409DC61D746208004FF14C /* TDCashierBanner.xib */; };
		225FE7761D839963007D15E8 /* TDChooseProductLayout.m in Sources */ = {isa = PBXBuildFile; fileRef = 225FE7751D839963007D15E8 /* TDChooseProductLayout.m */; };
		225FE77A1D8399EB007D15E8 /* TDChooseProductCollectionViewCell.m in Sources */ = {isa = PBXBuildFile; fileRef = 225FE7781D8399EB007D15E8 /* TDChooseProductCollectionViewCell.m */; };
		225FE77B1D8399EB007D15E8 /* TDChooseProductCollectionViewCell.xib in Resources */ = {isa = PBXBuildFile; fileRef = 225FE7791D8399EB007D15E8 /* TDChooseProductCollectionViewCell.xib */; };
		22703A0D1D7DB9DF0060F8D2 /* TDChooseBaseViewController.m in Sources */ = {isa = PBXBuildFile; fileRef = 22703A0C1D7DB9DF0060F8D2 /* TDChooseBaseViewController.m */; };
		2290A92C1D608FBF0085BD49 /* Assets.xcassets in Resources */ = {isa = PBXBuildFile; fileRef = 2290A92B1D608FBF0085BD49 /* Assets.xcassets */; };
		2290A9351D60B74D0085BD49 /* TDMainViewController.m in Sources */ = {isa = PBXBuildFile; fileRef = 2290A9331D60B74D0085BD49 /* TDMainViewController.m */; };
		2290A9361D60B74D0085BD49 /* TDMainViewController.xib in Resources */ = {isa = PBXBuildFile; fileRef = 2290A9341D60B74D0085BD49 /* TDMainViewController.xib */; };
		2290B1C21D61FDE50085BD49 /* TDSearchGoodViewController.m in Sources */ = {isa = PBXBuildFile; fileRef = 2290B1C01D61FDE50085BD49 /* TDSearchGoodViewController.m */; };
		2290B1C31D61FDE50085BD49 /* TDSearchGoodViewController.xib in Resources */ = {isa = PBXBuildFile; fileRef = 2290B1C11D61FDE50085BD49 /* TDSearchGoodViewController.xib */; };
		2290B1C61D6200360085BD49 /* TDScanView.m in Sources */ = {isa = PBXBuildFile; fileRef = 2290B1C51D6200360085BD49 /* TDScanView.m */; };
		2290B1C81D6200540085BD49 /* TDScanView.xib in Resources */ = {isa = PBXBuildFile; fileRef = 2290B1C71D6200540085BD49 /* TDScanView.xib */; };
		22A1E0C91D7BE437007A6905 /* RATableViewCell.m in Sources */ = {isa = PBXBuildFile; fileRef = 22A1E0C71D7BE437007A6905 /* RATableViewCell.m */; };
		22A1E0CA1D7BE437007A6905 /* RATableViewCell.xib in Resources */ = {isa = PBXBuildFile; fileRef = 22A1E0C81D7BE437007A6905 /* RATableViewCell.xib */; };
		22A1E0CD1D7BE4B2007A6905 /* RADataObject.m in Sources */ = {isa = PBXBuildFile; fileRef = 22A1E0CC1D7BE4B2007A6905 /* RADataObject.m */; };
		22AAD3991DA4A4DC00DFA8DF /* TDProductDetailViewController.m in Sources */ = {isa = PBXBuildFile; fileRef = 22AAD3971DA4A4DC00DFA8DF /* TDProductDetailViewController.m */; };
		22AAD39A1DA4A4DC00DFA8DF /* TDProductDetailViewController.xib in Resources */ = {isa = PBXBuildFile; fileRef = 22AAD3981DA4A4DC00DFA8DF /* TDProductDetailViewController.xib */; };
		22AAD39E1DA5000500DFA8DF /* TDUnCountingViewController.m in Sources */ = {isa = PBXBuildFile; fileRef = 22AAD39C1DA5000500DFA8DF /* TDUnCountingViewController.m */; };
		22AAD39F1DA5000500DFA8DF /* TDUnCountingViewController.xib in Resources */ = {isa = PBXBuildFile; fileRef = 22AAD39D1DA5000500DFA8DF /* TDUnCountingViewController.xib */; };
		22AAD3A21DA5082B00DFA8DF /* TDDateViewController.m in Sources */ = {isa = PBXBuildFile; fileRef = 22AAD3A11DA5082B00DFA8DF /* TDDateViewController.m */; };
		22AAD3A61DA788B200DFA8DF /* TDSearchGoodsTableViewCell.m in Sources */ = {isa = PBXBuildFile; fileRef = 22AAD3A41DA788B200DFA8DF /* TDSearchGoodsTableViewCell.m */; };
		22AAD3A71DA788B200DFA8DF /* TDSearchGoodsTableViewCell.xib in Resources */ = {isa = PBXBuildFile; fileRef = 22AAD3A51DA788B200DFA8DF /* TDSearchGoodsTableViewCell.xib */; };
		22AAD3AA1DA78A5D00DFA8DF /* TDSearchGoodHeaderView.m in Sources */ = {isa = PBXBuildFile; fileRef = 22AAD3A91DA78A5D00DFA8DF /* TDSearchGoodHeaderView.m */; };
		22CC03B01D719DC50081AB16 /* TDCountScanViewController.m in Sources */ = {isa = PBXBuildFile; fileRef = 22CC03AE1D719DC50081AB16 /* TDCountScanViewController.m */; };
		22CC03B11D719DC50081AB16 /* TDCountScanViewController.xib in Resources */ = {isa = PBXBuildFile; fileRef = 22CC03AF1D719DC50081AB16 /* TDCountScanViewController.xib */; };
		22CC03B51D719DDC0081AB16 /* TDCountChooseViewController.m in Sources */ = {isa = PBXBuildFile; fileRef = 22CC03B31D719DDC0081AB16 /* TDCountChooseViewController.m */; };
		22CC03B61D719DDC0081AB16 /* TDCountChooseViewController.xib in Resources */ = {isa = PBXBuildFile; fileRef = 22CC03B41D719DDC0081AB16 /* TDCountChooseViewController.xib */; };
		22CC03B91D719E310081AB16 /* TDInfoView.m in Sources */ = {isa = PBXBuildFile; fileRef = 22CC03B81D719E310081AB16 /* TDInfoView.m */; };
		22CC03BB1D719E400081AB16 /* TDInfoView.xib in Resources */ = {isa = PBXBuildFile; fileRef = 22CC03BA1D719E400081AB16 /* TDInfoView.xib */; };
		22CC03BF1D719FC60081AB16 /* TDHelper.m in Sources */ = {isa = PBXBuildFile; fileRef = 22CC03BE1D719FC60081AB16 /* TDHelper.m */; };
		22CC03C51D726BA00081AB16 /* TDCountPreviewTableViewCell.m in Sources */ = {isa = PBXBuildFile; fileRef = 22CC03C31D726BA00081AB16 /* TDCountPreviewTableViewCell.m */; };
		22CC03C61D726BA00081AB16 /* TDCountPreviewTableViewCell.xib in Resources */ = {isa = PBXBuildFile; fileRef = 22CC03C41D726BA00081AB16 /* TDCountPreviewTableViewCell.xib */; };
		22CC03C91D726C470081AB16 /* TDCountHeader.m in Sources */ = {isa = PBXBuildFile; fileRef = 22CC03C81D726C470081AB16 /* TDCountHeader.m */; };
		22CC03CB1D726C580081AB16 /* TDCountHeader.xib in Resources */ = {isa = PBXBuildFile; fileRef = 22CC03CA1D726C580081AB16 /* TDCountHeader.xib */; };
		22CC04221D727AE50081AB16 /* TDOrderCollectionViewController.m in Sources */ = {isa = PBXBuildFile; fileRef = 22CC04201D727AE50081AB16 /* TDOrderCollectionViewController.m */; };
		22CC04231D727AE50081AB16 /* TDOrderCollectionViewController.xib in Resources */ = {isa = PBXBuildFile; fileRef = 22CC04211D727AE50081AB16 /* TDOrderCollectionViewController.xib */; };
		22CC04271D727BE50081AB16 /* TDOrderCollectionViewCell.m in Sources */ = {isa = PBXBuildFile; fileRef = 22CC04251D727BE50081AB16 /* TDOrderCollectionViewCell.m */; };
		22CC04281D727BE50081AB16 /* TDOrderCollectionViewCell.xib in Resources */ = {isa = PBXBuildFile; fileRef = 22CC04261D727BE50081AB16 /* TDOrderCollectionViewCell.xib */; };
		22CC042B1D727D600081AB16 /* TDOrderLayout.m in Sources */ = {isa = PBXBuildFile; fileRef = 22CC042A1D727D600081AB16 /* TDOrderLayout.m */; };
		22CC04351D728F9F0081AB16 /* TDOrderPreviewCell.m in Sources */ = {isa = PBXBuildFile; fileRef = 22CC04331D728F9F0081AB16 /* TDOrderPreviewCell.m */; };
		22CC04361D728F9F0081AB16 /* TDOrderPreviewCell.xib in Resources */ = {isa = PBXBuildFile; fileRef = 22CC04341D728F9F0081AB16 /* TDOrderPreviewCell.xib */; };
		22CC043A1D72907D0081AB16 /* TDGetOrderCollectionViewController.m in Sources */ = {isa = PBXBuildFile; fileRef = 22CC04381D72907D0081AB16 /* TDGetOrderCollectionViewController.m */; };
		22CC043B1D72907D0081AB16 /* TDGetOrderCollectionViewController.xib in Resources */ = {isa = PBXBuildFile; fileRef = 22CC04391D72907D0081AB16 /* TDGetOrderCollectionViewController.xib */; };
		22CC043E1D7294A70081AB16 /* TDClient.m in Sources */ = {isa = PBXBuildFile; fileRef = 22CC043D1D7294A70081AB16 /* TDClient.m */; };
		22CC04441D73B7130081AB16 /* NSDictionary+TDConvertToJson.m in Sources */ = {isa = PBXBuildFile; fileRef = 22CC04431D73B7130081AB16 /* NSDictionary+TDConvertToJson.m */; };
		22D0A1271D54826800D27A6A /* TDZbarReaderManager.m in Sources */ = {isa = PBXBuildFile; fileRef = 22D0A1261D54826800D27A6A /* TDZbarReaderManager.m */; };
		22D62F681DB38898002B2453 /* libqrencoder.a in Frameworks */ = {isa = PBXBuildFile; fileRef = 22D62F671DB38898002B2453 /* libqrencoder.a */; };
		22D9BE991D65F13900E06184 /* TDItemsBar.m in Sources */ = {isa = PBXBuildFile; fileRef = 22D9BE981D65F13900E06184 /* TDItemsBar.m */; };
		22DCDDAF1D4EF0010068983C /* main.m in Sources */ = {isa = PBXBuildFile; fileRef = 22DCDDAE1D4EF0010068983C /* main.m */; };
		22DCDDB21D4EF0010068983C /* AppDelegate.m in Sources */ = {isa = PBXBuildFile; fileRef = 22DCDDB11D4EF0010068983C /* AppDelegate.m */; };
		22DCDDB51D4EF0010068983C /* ViewController.m in Sources */ = {isa = PBXBuildFile; fileRef = 22DCDDB41D4EF0010068983C /* ViewController.m */; };
		22DCDDB81D4EF0010068983C /* Main.storyboard in Resources */ = {isa = PBXBuildFile; fileRef = 22DCDDB61D4EF0010068983C /* Main.storyboard */; };
		22DCDDBD1D4EF0010068983C /* LaunchScreen.storyboard in Resources */ = {isa = PBXBuildFile; fileRef = 22DCDDBB1D4EF0010068983C /* LaunchScreen.storyboard */; };
		22DCDDC81D4EF0010068983C /* TDDMZTests.m in Sources */ = {isa = PBXBuildFile; fileRef = 22DCDDC71D4EF0010068983C /* TDDMZTests.m */; };
		22DCDDD31D4EF0010068983C /* TDDMZUITests.m in Sources */ = {isa = PBXBuildFile; fileRef = 22DCDDD21D4EF0010068983C /* TDDMZUITests.m */; };
		22E0A00D1D786AA100786749 /* TDGood.m in Sources */ = {isa = PBXBuildFile; fileRef = 22E0A00C1D786AA100786749 /* TDGood.m */; };
		22E0A0101D786AB200786749 /* TDStore.m in Sources */ = {isa = PBXBuildFile; fileRef = 22E0A00F1D786AB200786749 /* TDStore.m */; };
		22E0A0131D786B6800786749 /* TDCategory.m in Sources */ = {isa = PBXBuildFile; fileRef = 22E0A0121D786B6800786749 /* TDCategory.m */; };
		22E0A0161D786EA600786749 /* TDParser.m in Sources */ = {isa = PBXBuildFile; fileRef = 22E0A0151D786EA600786749 /* TDParser.m */; };
		22FA3C181D79C93D00B27328 /* TDScanBaseViewController.m in Sources */ = {isa = PBXBuildFile; fileRef = 22FA3C171D79C93D00B27328 /* TDScanBaseViewController.m */; };
		22FA3C1D1D79D7E400B27328 /* TDSettlementViewController.m in Sources */ = {isa = PBXBuildFile; fileRef = 22FA3C1B1D79D7E400B27328 /* TDSettlementViewController.m */; };
		22FA3C1E1D79D7E400B27328 /* TDSettlementViewController.xib in Resources */ = {isa = PBXBuildFile; fileRef = 22FA3C1C1D79D7E400B27328 /* TDSettlementViewController.xib */; };
		A689D7F43E1E6ED534C201C3 /* libPods.a in Frameworks */ = {isa = PBXBuildFile; fileRef = 8DF8B3C16C4047201BCCC8DA /* libPods.a */; };
/* End PBXBuildFile section */

/* Begin PBXContainerItemProxy section */
		22DCDDC41D4EF0010068983C /* PBXContainerItemProxy */ = {
			isa = PBXContainerItemProxy;
			containerPortal = 22DCDDA21D4EF0010068983C /* Project object */;
			proxyType = 1;
			remoteGlobalIDString = 22DCDDA91D4EF0010068983C;
			remoteInfo = TDDMZ;
		};
		22DCDDCF1D4EF0010068983C /* PBXContainerItemProxy */ = {
			isa = PBXContainerItemProxy;
			containerPortal = 22DCDDA21D4EF0010068983C /* Project object */;
			proxyType = 1;
			remoteGlobalIDString = 22DCDDA91D4EF0010068983C;
			remoteInfo = TDDMZ;
		};
/* End PBXContainerItemProxy section */

/* Begin PBXFileReference section */
		22013D191D7F0CCE001AD2E0 /* TDCustomerSettlementViewController.h */ = {isa = PBXFileReference; fileEncoding = 4; lastKnownFileType = sourcecode.c.h; path = TDCustomerSettlementViewController.h; sourceTree = "<group>"; };
		22013D1A1D7F0CCE001AD2E0 /* TDCustomerSettlementViewController.mm */ = {isa = PBXFileReference; fileEncoding = 4; lastKnownFileType = sourcecode.cpp.objcpp; path = TDCustomerSettlementViewController.mm; sourceTree = "<group>"; };
		22013D1B1D7F0CCE001AD2E0 /* TDCustomerSettlementViewController.xib */ = {isa = PBXFileReference; fileEncoding = 4; lastKnownFileType = file.xib; path = TDCustomerSettlementViewController.xib; sourceTree = "<group>"; };
		22013D1E1D7F158D001AD2E0 /* TDSotreListTableViewController.h */ = {isa = PBXFileReference; fileEncoding = 4; lastKnownFileType = sourcecode.c.h; path = TDSotreListTableViewController.h; sourceTree = "<group>"; };
		22013D1F1D7F158D001AD2E0 /* TDSotreListTableViewController.m */ = {isa = PBXFileReference; fileEncoding = 4; lastKnownFileType = sourcecode.c.objc; path = TDSotreListTableViewController.m; sourceTree = "<group>"; };
		22013D201D7F158D001AD2E0 /* TDSotreListTableViewController.xib */ = {isa = PBXFileReference; fileEncoding = 4; lastKnownFileType = file.xib; path = TDSotreListTableViewController.xib; sourceTree = "<group>"; };
		2215B0981D6C903C00616107 /* TDProductPreviewTableViewCell.h */ = {isa = PBXFileReference; fileEncoding = 4; lastKnownFileType = sourcecode.c.h; path = TDProductPreviewTableViewCell.h; sourceTree = "<group>"; };
		2215B0991D6C903C00616107 /* TDProductPreviewTableViewCell.m */ = {isa = PBXFileReference; fileEncoding = 4; lastKnownFileType = sourcecode.c.objc; path = TDProductPreviewTableViewCell.m; sourceTree = "<group>"; };
		2215B09A1D6C903C00616107 /* TDProductPreviewTableViewCell.xib */ = {isa = PBXFileReference; fileEncoding = 4; lastKnownFileType = file.xib; path = TDProductPreviewTableViewCell.xib; sourceTree = "<group>"; };
		2215B09D1D6C90D400616107 /* TDSaveBanner.h */ = {isa = PBXFileReference; fileEncoding = 4; lastKnownFileType = sourcecode.c.h; path = TDSaveBanner.h; sourceTree = "<group>"; };
		2215B09E1D6C90D400616107 /* TDSaveBanner.m */ = {isa = PBXFileReference; fileEncoding = 4; lastKnownFileType = sourcecode.c.objc; path = TDSaveBanner.m; sourceTree = "<group>"; };
		2215B0A01D6C915100616107 /* TDCashierBanner.h */ = {isa = PBXFileReference; fileEncoding = 4; lastKnownFileType = sourcecode.c.h; path = TDCashierBanner.h; sourceTree = "<group>"; };
		2215B0A11D6C915100616107 /* TDCashierBanner.m */ = {isa = PBXFileReference; fileEncoding = 4; lastKnownFileType = sourcecode.c.objc; path = TDCashierBanner.m; sourceTree = "<group>"; };
		2215B0A31D6C930600616107 /* TDSearchScanViewController.h */ = {isa = PBXFileReference; fileEncoding = 4; lastKnownFileType = sourcecode.c.h; path = TDSearchScanViewController.h; sourceTree = "<group>"; };
		2215B0A41D6C930600616107 /* TDSearchScanViewController.m */ = {isa = PBXFileReference; fileEncoding = 4; lastKnownFileType = sourcecode.c.objc; path = TDSearchScanViewController.m; sourceTree = "<group>"; };
		2215B0A51D6C930600616107 /* TDSearchScanViewController.xib */ = {isa = PBXFileReference; fileEncoding = 4; lastKnownFileType = file.xib; path = TDSearchScanViewController.xib; sourceTree = "<group>"; };
		2215B0A81D6C953900616107 /* TDSearchChooseViewController.h */ = {isa = PBXFileReference; fileEncoding = 4; lastKnownFileType = sourcecode.c.h; path = TDSearchChooseViewController.h; sourceTree = "<group>"; };
		2215B0A91D6C953900616107 /* TDSearchChooseViewController.m */ = {isa = PBXFileReference; fileEncoding = 4; lastKnownFileType = sourcecode.c.objc; path = TDSearchChooseViewController.m; sourceTree = "<group>"; };
		2215B0AA1D6C953900616107 /* TDSearchChooseViewController.xib */ = {isa = PBXFileReference; fileEncoding = 4; lastKnownFileType = file.xib; path = TDSearchChooseViewController.xib; sourceTree = "<group>"; };
		2215B0EF1D6C9C6800616107 /* TDSaveBanner.xib */ = {isa = PBXFileReference; fileEncoding = 4; lastKnownFileType = file.xib; path = TDSaveBanner.xib; sourceTree = "<group>"; };
		2215B3311D6F304500616107 /* TDCountingViewController.h */ = {isa = PBXFileReference; fileEncoding = 4; lastKnownFileType = sourcecode.c.h; path = TDCountingViewController.h; sourceTree = "<group>"; };
		2215B3321D6F304500616107 /* TDCountingViewController.m */ = {isa = PBXFileReference; fileEncoding = 4; lastKnownFileType = sourcecode.c.objc; path = TDCountingViewController.m; sourceTree = "<group>"; };
		2215B3331D6F304500616107 /* TDCountingViewController.xib */ = {isa = PBXFileReference; fileEncoding = 4; lastKnownFileType = file.xib; path = TDCountingViewController.xib; sourceTree = "<group>"; };
		2215B3401D6F30E700616107 /* TDBaseViewController.h */ = {isa = PBXFileReference; fileEncoding = 4; lastKnownFileType = sourcecode.c.h; path = TDBaseViewController.h; sourceTree = "<group>"; };
		2215B3411D6F30E700616107 /* TDBaseViewController.m */ = {isa = PBXFileReference; fileEncoding = 4; lastKnownFileType = sourcecode.c.objc; path = TDBaseViewController.m; sourceTree = "<group>"; };
		2215B3431D6F32A400616107 /* TDDeliverViewController.h */ = {isa = PBXFileReference; fileEncoding = 4; lastKnownFileType = sourcecode.c.h; path = TDDeliverViewController.h; sourceTree = "<group>"; };
		2215B3441D6F32A400616107 /* TDDeliverViewController.m */ = {isa = PBXFileReference; fileEncoding = 4; lastKnownFileType = sourcecode.c.objc; path = TDDeliverViewController.m; sourceTree = "<group>"; };
		2215B3451D6F32A400616107 /* TDDeliverViewController.xib */ = {isa = PBXFileReference; fileEncoding = 4; lastKnownFileType = file.xib; path = TDDeliverViewController.xib; sourceTree = "<group>"; };
		2215B3481D6F372600616107 /* TDDeliverScanViewController.h */ = {isa = PBXFileReference; fileEncoding = 4; lastKnownFileType = sourcecode.c.h; path = TDDeliverScanViewController.h; sourceTree = "<group>"; };
		2215B3491D6F372600616107 /* TDDeliverScanViewController.m */ = {isa = PBXFileReference; fileEncoding = 4; lastKnownFileType = sourcecode.c.objc; path = TDDeliverScanViewController.m; sourceTree = "<group>"; };
		2215B34A1D6F372600616107 /* TDDeliverScanViewController.xib */ = {isa = PBXFileReference; fileEncoding = 4; lastKnownFileType = file.xib; path = TDDeliverScanViewController.xib; sourceTree = "<group>"; };
		2215B34D1D6F391700616107 /* TDOptionsBanner.h */ = {isa = PBXFileReference; fileEncoding = 4; lastKnownFileType = sourcecode.c.h; path = TDOptionsBanner.h; sourceTree = "<group>"; };
		2215B34E1D6F391700616107 /* TDOptionsBanner.m */ = {isa = PBXFileReference; fileEncoding = 4; lastKnownFileType = sourcecode.c.objc; path = TDOptionsBanner.m; sourceTree = "<group>"; };
		2215B3501D6F394B00616107 /* TDOptionsBanner.xib */ = {isa = PBXFileReference; fileEncoding = 4; lastKnownFileType = file.xib; path = TDOptionsBanner.xib; sourceTree = "<group>"; };
		2215B3521D6F3CED00616107 /* TDDeliverChooseViewController.h */ = {isa = PBXFileReference; fileEncoding = 4; lastKnownFileType = sourcecode.c.h; path = TDDeliverChooseViewController.h; sourceTree = "<group>"; };
		2215B3531D6F3CED00616107 /* TDDeliverChooseViewController.m */ = {isa = PBXFileReference; fileEncoding = 4; lastKnownFileType = sourcecode.c.objc; path = TDDeliverChooseViewController.m; sourceTree = "<group>"; };
		2215B3541D6F3CED00616107 /* TDDeliverChooseViewController.xib */ = {isa = PBXFileReference; fileEncoding = 4; lastKnownFileType = file.xib; path = TDDeliverChooseViewController.xib; sourceTree = "<group>"; };
		2221A8ED1D64AFC900D30775 /* TDVerifyViewController.h */ = {isa = PBXFileReference; fileEncoding = 4; lastKnownFileType = sourcecode.c.h; path = TDVerifyViewController.h; sourceTree = "<group>"; };
		2221A8EE1D64AFC900D30775 /* TDVerifyViewController.m */ = {isa = PBXFileReference; fileEncoding = 4; lastKnownFileType = sourcecode.c.objc; path = TDVerifyViewController.m; sourceTree = "<group>"; };
		2221A8EF1D64AFC900D30775 /* TDVerifyViewController.xib */ = {isa = PBXFileReference; fileEncoding = 4; lastKnownFileType = file.xib; path = TDVerifyViewController.xib; sourceTree = "<group>"; };
		22409DB71D745EA1004FF14C /* TDCashierViewController.h */ = {isa = PBXFileReference; fileEncoding = 4; lastKnownFileType = sourcecode.c.h; path = TDCashierViewController.h; sourceTree = "<group>"; };
		22409DB81D745EA1004FF14C /* TDCashierViewController.m */ = {isa = PBXFileReference; fileEncoding = 4; lastKnownFileType = sourcecode.c.objc; path = TDCashierViewController.m; sourceTree = "<group>"; };
		22409DB91D745EA1004FF14C /* TDCashierViewController.xib */ = {isa = PBXFileReference; fileEncoding = 4; lastKnownFileType = file.xib; path = TDCashierViewController.xib; sourceTree = "<group>"; };
		22409DBC1D745EC2004FF14C /* TDCashierScanViewController.h */ = {isa = PBXFileReference; fileEncoding = 4; lastKnownFileType = sourcecode.c.h; path = TDCashierScanViewController.h; sourceTree = "<group>"; };
		22409DBD1D745EC2004FF14C /* TDCashierScanViewController.m */ = {isa = PBXFileReference; fileEncoding = 4; lastKnownFileType = sourcecode.c.objc; path = TDCashierScanViewController.m; sourceTree = "<group>"; };
		22409DBE1D745EC2004FF14C /* TDCashierScanViewController.xib */ = {isa = PBXFileReference; fileEncoding = 4; lastKnownFileType = file.xib; path = TDCashierScanViewController.xib; sourceTree = "<group>"; };
		22409DC11D745ED8004FF14C /* TDCashierChooseViewController.h */ = {isa = PBXFileReference; fileEncoding = 4; lastKnownFileType = sourcecode.c.h; path = TDCashierChooseViewController.h; sourceTree = "<group>"; };
		22409DC21D745ED8004FF14C /* TDCashierChooseViewController.m */ = {isa = PBXFileReference; fileEncoding = 4; lastKnownFileType = sourcecode.c.objc; path = TDCashierChooseViewController.m; sourceTree = "<group>"; };
		22409DC31D745ED8004FF14C /* TDCashierChooseViewController.xib */ = {isa = PBXFileReference; fileEncoding = 4; lastKnownFileType = file.xib; path = TDCashierChooseViewController.xib; sourceTree = "<group>"; };
		22409DC61D746208004FF14C /* TDCashierBanner.xib */ = {isa = PBXFileReference; fileEncoding = 4; lastKnownFileType = file.xib; path = TDCashierBanner.xib; sourceTree = "<group>"; };
		225FE7741D839963007D15E8 /* TDChooseProductLayout.h */ = {isa = PBXFileReference; fileEncoding = 4; lastKnownFileType = sourcecode.c.h; path = TDChooseProductLayout.h; sourceTree = "<group>"; };
		225FE7751D839963007D15E8 /* TDChooseProductLayout.m */ = {isa = PBXFileReference; fileEncoding = 4; lastKnownFileType = sourcecode.c.objc; path = TDChooseProductLayout.m; sourceTree = "<group>"; };
		225FE7771D8399EB007D15E8 /* TDChooseProductCollectionViewCell.h */ = {isa = PBXFileReference; fileEncoding = 4; lastKnownFileType = sourcecode.c.h; path = TDChooseProductCollectionViewCell.h; sourceTree = "<group>"; };
		225FE7781D8399EB007D15E8 /* TDChooseProductCollectionViewCell.m */ = {isa = PBXFileReference; fileEncoding = 4; lastKnownFileType = sourcecode.c.objc; path = TDChooseProductCollectionViewCell.m; sourceTree = "<group>"; };
		225FE7791D8399EB007D15E8 /* TDChooseProductCollectionViewCell.xib */ = {isa = PBXFileReference; fileEncoding = 4; lastKnownFileType = file.xib; path = TDChooseProductCollectionViewCell.xib; sourceTree = "<group>"; };
		22703A0B1D7DB9DF0060F8D2 /* TDChooseBaseViewController.h */ = {isa = PBXFileReference; fileEncoding = 4; lastKnownFileType = sourcecode.c.h; path = TDChooseBaseViewController.h; sourceTree = "<group>"; };
		22703A0C1D7DB9DF0060F8D2 /* TDChooseBaseViewController.m */ = {isa = PBXFileReference; fileEncoding = 4; lastKnownFileType = sourcecode.c.objc; path = TDChooseBaseViewController.m; sourceTree = "<group>"; };
		2290A92B1D608FBF0085BD49 /* Assets.xcassets */ = {isa = PBXFileReference; lastKnownFileType = folder.assetcatalog; path = Assets.xcassets; sourceTree = "<group>"; };
		2290A9321D60B74D0085BD49 /* TDMainViewController.h */ = {isa = PBXFileReference; fileEncoding = 4; lastKnownFileType = sourcecode.c.h; path = TDMainViewController.h; sourceTree = "<group>"; };
		2290A9331D60B74D0085BD49 /* TDMainViewController.m */ = {isa = PBXFileReference; fileEncoding = 4; lastKnownFileType = sourcecode.c.objc; lineEnding = 0; path = TDMainViewController.m; sourceTree = "<group>"; xcLanguageSpecificationIdentifier = xcode.lang.objc; };
		2290A9341D60B74D0085BD49 /* TDMainViewController.xib */ = {isa = PBXFileReference; fileEncoding = 4; lastKnownFileType = file.xib; path = TDMainViewController.xib; sourceTree = "<group>"; };
		2290B1BF1D61FDE50085BD49 /* TDSearchGoodViewController.h */ = {isa = PBXFileReference; fileEncoding = 4; lastKnownFileType = sourcecode.c.h; path = TDSearchGoodViewController.h; sourceTree = "<group>"; };
		2290B1C01D61FDE50085BD49 /* TDSearchGoodViewController.m */ = {isa = PBXFileReference; fileEncoding = 4; lastKnownFileType = sourcecode.c.objc; path = TDSearchGoodViewController.m; sourceTree = "<group>"; };
		2290B1C11D61FDE50085BD49 /* TDSearchGoodViewController.xib */ = {isa = PBXFileReference; fileEncoding = 4; lastKnownFileType = file.xib; path = TDSearchGoodViewController.xib; sourceTree = "<group>"; };
		2290B1C41D6200360085BD49 /* TDScanView.h */ = {isa = PBXFileReference; fileEncoding = 4; lastKnownFileType = sourcecode.c.h; path = TDScanView.h; sourceTree = "<group>"; };
		2290B1C51D6200360085BD49 /* TDScanView.m */ = {isa = PBXFileReference; fileEncoding = 4; lastKnownFileType = sourcecode.c.objc; path = TDScanView.m; sourceTree = "<group>"; };
		2290B1C71D6200540085BD49 /* TDScanView.xib */ = {isa = PBXFileReference; fileEncoding = 4; lastKnownFileType = file.xib; path = TDScanView.xib; sourceTree = "<group>"; };
		22A1E0C61D7BE437007A6905 /* RATableViewCell.h */ = {isa = PBXFileReference; fileEncoding = 4; lastKnownFileType = sourcecode.c.h; path = RATableViewCell.h; sourceTree = "<group>"; };
		22A1E0C71D7BE437007A6905 /* RATableViewCell.m */ = {isa = PBXFileReference; fileEncoding = 4; lastKnownFileType = sourcecode.c.objc; path = RATableViewCell.m; sourceTree = "<group>"; };
		22A1E0C81D7BE437007A6905 /* RATableViewCell.xib */ = {isa = PBXFileReference; fileEncoding = 4; lastKnownFileType = file.xib; path = RATableViewCell.xib; sourceTree = "<group>"; };
		22A1E0CB1D7BE4B2007A6905 /* RADataObject.h */ = {isa = PBXFileReference; fileEncoding = 4; lastKnownFileType = sourcecode.c.h; path = RADataObject.h; sourceTree = "<group>"; };
		22A1E0CC1D7BE4B2007A6905 /* RADataObject.m */ = {isa = PBXFileReference; fileEncoding = 4; lastKnownFileType = sourcecode.c.objc; path = RADataObject.m; sourceTree = "<group>"; };
		22AAD3961DA4A4DC00DFA8DF /* TDProductDetailViewController.h */ = {isa = PBXFileReference; fileEncoding = 4; lastKnownFileType = sourcecode.c.h; path = TDProductDetailViewController.h; sourceTree = "<group>"; };
		22AAD3971DA4A4DC00DFA8DF /* TDProductDetailViewController.m */ = {isa = PBXFileReference; fileEncoding = 4; lastKnownFileType = sourcecode.c.objc; path = TDProductDetailViewController.m; sourceTree = "<group>"; };
		22AAD3981DA4A4DC00DFA8DF /* TDProductDetailViewController.xib */ = {isa = PBXFileReference; fileEncoding = 4; lastKnownFileType = file.xib; path = TDProductDetailViewController.xib; sourceTree = "<group>"; };
		22AAD39B1DA5000500DFA8DF /* TDUnCountingViewController.h */ = {isa = PBXFileReference; fileEncoding = 4; lastKnownFileType = sourcecode.c.h; path = TDUnCountingViewController.h; sourceTree = "<group>"; };
		22AAD39C1DA5000500DFA8DF /* TDUnCountingViewController.m */ = {isa = PBXFileReference; fileEncoding = 4; lastKnownFileType = sourcecode.c.objc; path = TDUnCountingViewController.m; sourceTree = "<group>"; };
		22AAD39D1DA5000500DFA8DF /* TDUnCountingViewController.xib */ = {isa = PBXFileReference; fileEncoding = 4; lastKnownFileType = file.xib; path = TDUnCountingViewController.xib; sourceTree = "<group>"; };
		22AAD3A01DA5082B00DFA8DF /* TDDateViewController.h */ = {isa = PBXFileReference; fileEncoding = 4; lastKnownFileType = sourcecode.c.h; path = TDDateViewController.h; sourceTree = "<group>"; };
		22AAD3A11DA5082B00DFA8DF /* TDDateViewController.m */ = {isa = PBXFileReference; fileEncoding = 4; lastKnownFileType = sourcecode.c.objc; path = TDDateViewController.m; sourceTree = "<group>"; };
		22AAD3A31DA788B200DFA8DF /* TDSearchGoodsTableViewCell.h */ = {isa = PBXFileReference; fileEncoding = 4; lastKnownFileType = sourcecode.c.h; path = TDSearchGoodsTableViewCell.h; sourceTree = "<group>"; };
		22AAD3A41DA788B200DFA8DF /* TDSearchGoodsTableViewCell.m */ = {isa = PBXFileReference; fileEncoding = 4; lastKnownFileType = sourcecode.c.objc; path = TDSearchGoodsTableViewCell.m; sourceTree = "<group>"; };
		22AAD3A51DA788B200DFA8DF /* TDSearchGoodsTableViewCell.xib */ = {isa = PBXFileReference; fileEncoding = 4; lastKnownFileType = file.xib; path = TDSearchGoodsTableViewCell.xib; sourceTree = "<group>"; };
		22AAD3A81DA78A5D00DFA8DF /* TDSearchGoodHeaderView.h */ = {isa = PBXFileReference; fileEncoding = 4; lastKnownFileType = sourcecode.c.h; path = TDSearchGoodHeaderView.h; sourceTree = "<group>"; };
		22AAD3A91DA78A5D00DFA8DF /* TDSearchGoodHeaderView.m */ = {isa = PBXFileReference; fileEncoding = 4; lastKnownFileType = sourcecode.c.objc; path = TDSearchGoodHeaderView.m; sourceTree = "<group>"; };
		22CC03AD1D719DC50081AB16 /* TDCountScanViewController.h */ = {isa = PBXFileReference; fileEncoding = 4; lastKnownFileType = sourcecode.c.h; path = TDCountScanViewController.h; sourceTree = "<group>"; };
		22CC03AE1D719DC50081AB16 /* TDCountScanViewController.m */ = {isa = PBXFileReference; fileEncoding = 4; lastKnownFileType = sourcecode.c.objc; path = TDCountScanViewController.m; sourceTree = "<group>"; };
		22CC03AF1D719DC50081AB16 /* TDCountScanViewController.xib */ = {isa = PBXFileReference; fileEncoding = 4; lastKnownFileType = file.xib; path = TDCountScanViewController.xib; sourceTree = "<group>"; };
		22CC03B21D719DDC0081AB16 /* TDCountChooseViewController.h */ = {isa = PBXFileReference; fileEncoding = 4; lastKnownFileType = sourcecode.c.h; path = TDCountChooseViewController.h; sourceTree = "<group>"; };
		22CC03B31D719DDC0081AB16 /* TDCountChooseViewController.m */ = {isa = PBXFileReference; fileEncoding = 4; lastKnownFileType = sourcecode.c.objc; path = TDCountChooseViewController.m; sourceTree = "<group>"; };
		22CC03B41D719DDC0081AB16 /* TDCountChooseViewController.xib */ = {isa = PBXFileReference; fileEncoding = 4; lastKnownFileType = file.xib; path = TDCountChooseViewController.xib; sourceTree = "<group>"; };
		22CC03B71D719E310081AB16 /* TDInfoView.h */ = {isa = PBXFileReference; fileEncoding = 4; lastKnownFileType = sourcecode.c.h; path = TDInfoView.h; sourceTree = "<group>"; };
		22CC03B81D719E310081AB16 /* TDInfoView.m */ = {isa = PBXFileReference; fileEncoding = 4; lastKnownFileType = sourcecode.c.objc; path = TDInfoView.m; sourceTree = "<group>"; };
		22CC03BA1D719E400081AB16 /* TDInfoView.xib */ = {isa = PBXFileReference; fileEncoding = 4; lastKnownFileType = file.xib; path = TDInfoView.xib; sourceTree = "<group>"; };
		22CC03BD1D719FC60081AB16 /* TDHelper.h */ = {isa = PBXFileReference; fileEncoding = 4; lastKnownFileType = sourcecode.c.h; path = TDHelper.h; sourceTree = "<group>"; };
		22CC03BE1D719FC60081AB16 /* TDHelper.m */ = {isa = PBXFileReference; fileEncoding = 4; lastKnownFileType = sourcecode.c.objc; path = TDHelper.m; sourceTree = "<group>"; };
		22CC03C21D726BA00081AB16 /* TDCountPreviewTableViewCell.h */ = {isa = PBXFileReference; fileEncoding = 4; lastKnownFileType = sourcecode.c.h; path = TDCountPreviewTableViewCell.h; sourceTree = "<group>"; };
		22CC03C31D726BA00081AB16 /* TDCountPreviewTableViewCell.m */ = {isa = PBXFileReference; fileEncoding = 4; lastKnownFileType = sourcecode.c.objc; path = TDCountPreviewTableViewCell.m; sourceTree = "<group>"; };
		22CC03C41D726BA00081AB16 /* TDCountPreviewTableViewCell.xib */ = {isa = PBXFileReference; fileEncoding = 4; lastKnownFileType = file.xib; path = TDCountPreviewTableViewCell.xib; sourceTree = "<group>"; };
		22CC03C71D726C470081AB16 /* TDCountHeader.h */ = {isa = PBXFileReference; fileEncoding = 4; lastKnownFileType = sourcecode.c.h; path = TDCountHeader.h; sourceTree = "<group>"; };
		22CC03C81D726C470081AB16 /* TDCountHeader.m */ = {isa = PBXFileReference; fileEncoding = 4; lastKnownFileType = sourcecode.c.objc; path = TDCountHeader.m; sourceTree = "<group>"; };
		22CC03CA1D726C580081AB16 /* TDCountHeader.xib */ = {isa = PBXFileReference; fileEncoding = 4; lastKnownFileType = file.xib; path = TDCountHeader.xib; sourceTree = "<group>"; };
		22CC041F1D727AE50081AB16 /* TDOrderCollectionViewController.h */ = {isa = PBXFileReference; fileEncoding = 4; lastKnownFileType = sourcecode.c.h; path = TDOrderCollectionViewController.h; sourceTree = "<group>"; };
		22CC04201D727AE50081AB16 /* TDOrderCollectionViewController.m */ = {isa = PBXFileReference; fileEncoding = 4; lastKnownFileType = sourcecode.c.objc; lineEnding = 0; path = TDOrderCollectionViewController.m; sourceTree = "<group>"; xcLanguageSpecificationIdentifier = xcode.lang.objc; };
		22CC04211D727AE50081AB16 /* TDOrderCollectionViewController.xib */ = {isa = PBXFileReference; fileEncoding = 4; lastKnownFileType = file.xib; path = TDOrderCollectionViewController.xib; sourceTree = "<group>"; };
		22CC04241D727BE50081AB16 /* TDOrderCollectionViewCell.h */ = {isa = PBXFileReference; fileEncoding = 4; lastKnownFileType = sourcecode.c.h; path = TDOrderCollectionViewCell.h; sourceTree = "<group>"; };
		22CC04251D727BE50081AB16 /* TDOrderCollectionViewCell.m */ = {isa = PBXFileReference; fileEncoding = 4; lastKnownFileType = sourcecode.c.objc; path = TDOrderCollectionViewCell.m; sourceTree = "<group>"; };
		22CC04261D727BE50081AB16 /* TDOrderCollectionViewCell.xib */ = {isa = PBXFileReference; fileEncoding = 4; lastKnownFileType = file.xib; path = TDOrderCollectionViewCell.xib; sourceTree = "<group>"; };
		22CC04291D727D600081AB16 /* TDOrderLayout.h */ = {isa = PBXFileReference; fileEncoding = 4; lastKnownFileType = sourcecode.c.h; path = TDOrderLayout.h; sourceTree = "<group>"; };
		22CC042A1D727D600081AB16 /* TDOrderLayout.m */ = {isa = PBXFileReference; fileEncoding = 4; lastKnownFileType = sourcecode.c.objc; path = TDOrderLayout.m; sourceTree = "<group>"; };
		22CC04321D728F9F0081AB16 /* TDOrderPreviewCell.h */ = {isa = PBXFileReference; fileEncoding = 4; lastKnownFileType = sourcecode.c.h; path = TDOrderPreviewCell.h; sourceTree = "<group>"; };
		22CC04331D728F9F0081AB16 /* TDOrderPreviewCell.m */ = {isa = PBXFileReference; fileEncoding = 4; lastKnownFileType = sourcecode.c.objc; path = TDOrderPreviewCell.m; sourceTree = "<group>"; };
		22CC04341D728F9F0081AB16 /* TDOrderPreviewCell.xib */ = {isa = PBXFileReference; fileEncoding = 4; lastKnownFileType = file.xib; path = TDOrderPreviewCell.xib; sourceTree = "<group>"; };
		22CC04371D72907D0081AB16 /* TDGetOrderCollectionViewController.h */ = {isa = PBXFileReference; fileEncoding = 4; lastKnownFileType = sourcecode.c.h; path = TDGetOrderCollectionViewController.h; sourceTree = "<group>"; };
		22CC04381D72907D0081AB16 /* TDGetOrderCollectionViewController.m */ = {isa = PBXFileReference; fileEncoding = 4; lastKnownFileType = sourcecode.c.objc; path = TDGetOrderCollectionViewController.m; sourceTree = "<group>"; };
		22CC04391D72907D0081AB16 /* TDGetOrderCollectionViewController.xib */ = {isa = PBXFileReference; fileEncoding = 4; lastKnownFileType = file.xib; path = TDGetOrderCollectionViewController.xib; sourceTree = "<group>"; };
		22CC043C1D7294A70081AB16 /* TDClient.h */ = {isa = PBXFileReference; fileEncoding = 4; lastKnownFileType = sourcecode.c.h; path = TDClient.h; sourceTree = "<group>"; };
		22CC043D1D7294A70081AB16 /* TDClient.m */ = {isa = PBXFileReference; fileEncoding = 4; lastKnownFileType = sourcecode.c.objc; lineEnding = 0; path = TDClient.m; sourceTree = "<group>"; xcLanguageSpecificationIdentifier = xcode.lang.objc; };
		22CC04421D73B7130081AB16 /* NSDictionary+TDConvertToJson.h */ = {isa = PBXFileReference; fileEncoding = 4; lastKnownFileType = sourcecode.c.h; path = "NSDictionary+TDConvertToJson.h"; sourceTree = "<group>"; };
		22CC04431D73B7130081AB16 /* NSDictionary+TDConvertToJson.m */ = {isa = PBXFileReference; fileEncoding = 4; lastKnownFileType = sourcecode.c.objc; lineEnding = 0; path = "NSDictionary+TDConvertToJson.m"; sourceTree = "<group>"; xcLanguageSpecificationIdentifier = xcode.lang.objc; };
		22D0A1251D54826800D27A6A /* TDZbarReaderManager.h */ = {isa = PBXFileReference; fileEncoding = 4; lastKnownFileType = sourcecode.c.h; path = TDZbarReaderManager.h; sourceTree = "<group>"; };
		22D0A1261D54826800D27A6A /* TDZbarReaderManager.m */ = {isa = PBXFileReference; fileEncoding = 4; lastKnownFileType = sourcecode.c.objc; lineEnding = 0; path = TDZbarReaderManager.m; sourceTree = "<group>"; xcLanguageSpecificationIdentifier = xcode.lang.objc; };
		22D0A1281D548B1200D27A6A /* TDDMZ-prefix.pch */ = {isa = PBXFileReference; lastKnownFileType = sourcecode.c.h; lineEnding = 0; path = "TDDMZ-prefix.pch"; sourceTree = "<group>"; xcLanguageSpecificationIdentifier = xcode.lang.objc; };
		22D62F671DB38898002B2453 /* libqrencoder.a */ = {isa = PBXFileReference; lastKnownFileType = archive.ar; path = libqrencoder.a; sourceTree = "<group>"; };
		22D9BE971D65F13900E06184 /* TDItemsBar.h */ = {isa = PBXFileReference; fileEncoding = 4; lastKnownFileType = sourcecode.c.h; path = TDItemsBar.h; sourceTree = "<group>"; };
		22D9BE981D65F13900E06184 /* TDItemsBar.m */ = {isa = PBXFileReference; fileEncoding = 4; lastKnownFileType = sourcecode.c.objc; path = TDItemsBar.m; sourceTree = "<group>"; };
		22DCDDAA1D4EF0010068983C /* TDDMZ.app */ = {isa = PBXFileReference; explicitFileType = wrapper.application; includeInIndex = 0; path = TDDMZ.app; sourceTree = BUILT_PRODUCTS_DIR; };
		22DCDDAE1D4EF0010068983C /* main.m */ = {isa = PBXFileReference; lastKnownFileType = sourcecode.c.objc; path = main.m; sourceTree = "<group>"; };
		22DCDDB01D4EF0010068983C /* AppDelegate.h */ = {isa = PBXFileReference; lastKnownFileType = sourcecode.c.h; path = AppDelegate.h; sourceTree = "<group>"; };
		22DCDDB11D4EF0010068983C /* AppDelegate.m */ = {isa = PBXFileReference; lastKnownFileType = sourcecode.c.objc; path = AppDelegate.m; sourceTree = "<group>"; };
		22DCDDB31D4EF0010068983C /* ViewController.h */ = {isa = PBXFileReference; lastKnownFileType = sourcecode.c.h; path = ViewController.h; sourceTree = "<group>"; };
		22DCDDB41D4EF0010068983C /* ViewController.m */ = {isa = PBXFileReference; lastKnownFileType = sourcecode.c.objc; path = ViewController.m; sourceTree = "<group>"; };
		22DCDDB71D4EF0010068983C /* Base */ = {isa = PBXFileReference; lastKnownFileType = file.storyboard; name = Base; path = Base.lproj/Main.storyboard; sourceTree = "<group>"; };
		22DCDDBC1D4EF0010068983C /* Base */ = {isa = PBXFileReference; lastKnownFileType = file.storyboard; name = Base; path = Base.lproj/LaunchScreen.storyboard; sourceTree = "<group>"; };
		22DCDDBE1D4EF0010068983C /* Info.plist */ = {isa = PBXFileReference; lastKnownFileType = text.plist.xml; path = Info.plist; sourceTree = "<group>"; };
		22DCDDC31D4EF0010068983C /* TDDMZTests.xctest */ = {isa = PBXFileReference; explicitFileType = wrapper.cfbundle; includeInIndex = 0; path = TDDMZTests.xctest; sourceTree = BUILT_PRODUCTS_DIR; };
		22DCDDC71D4EF0010068983C /* TDDMZTests.m */ = {isa = PBXFileReference; lastKnownFileType = sourcecode.c.objc; path = TDDMZTests.m; sourceTree = "<group>"; };
		22DCDDC91D4EF0010068983C /* Info.plist */ = {isa = PBXFileReference; lastKnownFileType = text.plist.xml; path = Info.plist; sourceTree = "<group>"; };
		22DCDDCE1D4EF0010068983C /* TDDMZUITests.xctest */ = {isa = PBXFileReference; explicitFileType = wrapper.cfbundle; includeInIndex = 0; path = TDDMZUITests.xctest; sourceTree = BUILT_PRODUCTS_DIR; };
		22DCDDD21D4EF0010068983C /* TDDMZUITests.m */ = {isa = PBXFileReference; lastKnownFileType = sourcecode.c.objc; path = TDDMZUITests.m; sourceTree = "<group>"; };
		22DCDDD41D4EF0010068983C /* Info.plist */ = {isa = PBXFileReference; lastKnownFileType = text.plist.xml; path = Info.plist; sourceTree = "<group>"; };
		22E0A00B1D786AA100786749 /* TDGood.h */ = {isa = PBXFileReference; fileEncoding = 4; lastKnownFileType = sourcecode.c.h; path = TDGood.h; sourceTree = "<group>"; };
		22E0A00C1D786AA100786749 /* TDGood.m */ = {isa = PBXFileReference; fileEncoding = 4; lastKnownFileType = sourcecode.c.objc; path = TDGood.m; sourceTree = "<group>"; };
		22E0A00E1D786AB200786749 /* TDStore.h */ = {isa = PBXFileReference; fileEncoding = 4; lastKnownFileType = sourcecode.c.h; path = TDStore.h; sourceTree = "<group>"; };
		22E0A00F1D786AB200786749 /* TDStore.m */ = {isa = PBXFileReference; fileEncoding = 4; lastKnownFileType = sourcecode.c.objc; path = TDStore.m; sourceTree = "<group>"; };
		22E0A0111D786B6800786749 /* TDCategory.h */ = {isa = PBXFileReference; fileEncoding = 4; lastKnownFileType = sourcecode.c.h; path = TDCategory.h; sourceTree = "<group>"; };
		22E0A0121D786B6800786749 /* TDCategory.m */ = {isa = PBXFileReference; fileEncoding = 4; lastKnownFileType = sourcecode.c.objc; path = TDCategory.m; sourceTree = "<group>"; };
		22E0A0141D786EA600786749 /* TDParser.h */ = {isa = PBXFileReference; fileEncoding = 4; lastKnownFileType = sourcecode.c.h; path = TDParser.h; sourceTree = "<group>"; };
		22E0A0151D786EA600786749 /* TDParser.m */ = {isa = PBXFileReference; fileEncoding = 4; lastKnownFileType = sourcecode.c.objc; path = TDParser.m; sourceTree = "<group>"; };
		22FA3C161D79C93D00B27328 /* TDScanBaseViewController.h */ = {isa = PBXFileReference; fileEncoding = 4; lastKnownFileType = sourcecode.c.h; path = TDScanBaseViewController.h; sourceTree = "<group>"; };
		22FA3C171D79C93D00B27328 /* TDScanBaseViewController.m */ = {isa = PBXFileReference; fileEncoding = 4; lastKnownFileType = sourcecode.c.objc; path = TDScanBaseViewController.m; sourceTree = "<group>"; };
		22FA3C1A1D79D7E400B27328 /* TDSettlementViewController.h */ = {isa = PBXFileReference; fileEncoding = 4; lastKnownFileType = sourcecode.c.h; path = TDSettlementViewController.h; sourceTree = "<group>"; };
		22FA3C1B1D79D7E400B27328 /* TDSettlementViewController.m */ = {isa = PBXFileReference; fileEncoding = 4; lastKnownFileType = sourcecode.c.objc; path = TDSettlementViewController.m; sourceTree = "<group>"; };
		22FA3C1C1D79D7E400B27328 /* TDSettlementViewController.xib */ = {isa = PBXFileReference; fileEncoding = 4; lastKnownFileType = file.xib; path = TDSettlementViewController.xib; sourceTree = "<group>"; };
		8DF8B3C16C4047201BCCC8DA /* libPods.a */ = {isa = PBXFileReference; explicitFileType = archive.ar; includeInIndex = 0; path = libPods.a; sourceTree = BUILT_PRODUCTS_DIR; };
		C495F91967DBD12A9BE3E16A /* Pods.debug.xcconfig */ = {isa = PBXFileReference; includeInIndex = 1; lastKnownFileType = text.xcconfig; name = Pods.debug.xcconfig; path = "Pods/Target Support Files/Pods/Pods.debug.xcconfig"; sourceTree = "<group>"; };
		C701B8FF8DB232AA352E17A9 /* Pods.release.xcconfig */ = {isa = PBXFileReference; includeInIndex = 1; lastKnownFileType = text.xcconfig; name = Pods.release.xcconfig; path = "Pods/Target Support Files/Pods/Pods.release.xcconfig"; sourceTree = "<group>"; };
/* End PBXFileReference section */

/* Begin PBXFrameworksBuildPhase section */
		22DCDDA71D4EF0010068983C /* Frameworks */ = {
			isa = PBXFrameworksBuildPhase;
			buildActionMask = 2147483647;
			files = (
				A689D7F43E1E6ED534C201C3 /* libPods.a in Frameworks */,
				22D62F681DB38898002B2453 /* libqrencoder.a in Frameworks */,
			);
			runOnlyForDeploymentPostprocessing = 0;
		};
		22DCDDC01D4EF0010068983C /* Frameworks */ = {
			isa = PBXFrameworksBuildPhase;
			buildActionMask = 2147483647;
			files = (
			);
			runOnlyForDeploymentPostprocessing = 0;
		};
		22DCDDCB1D4EF0010068983C /* Frameworks */ = {
			isa = PBXFrameworksBuildPhase;
			buildActionMask = 2147483647;
			files = (
			);
			runOnlyForDeploymentPostprocessing = 0;
		};
/* End PBXFrameworksBuildPhase section */

/* Begin PBXGroup section */
		082D8958152A1A95ED910493 /* Frameworks */ = {
			isa = PBXGroup;
			children = (
				8DF8B3C16C4047201BCCC8DA /* libPods.a */,
			);
			name = Frameworks;
			sourceTree = "<group>";
		};
		2215B32C1D6F2F1D00616107 /* Counting */ = {
			isa = PBXGroup;
			children = (
				2215B3311D6F304500616107 /* TDCountingViewController.h */,
				2215B3321D6F304500616107 /* TDCountingViewController.m */,
				2215B3331D6F304500616107 /* TDCountingViewController.xib */,
				22CC03AE1D719DC50081AB16 /* TDCountScanViewController.m */,
				22CC03AF1D719DC50081AB16 /* TDCountScanViewController.xib */,
				22CC03AD1D719DC50081AB16 /* TDCountScanViewController.h */,
				22CC03B21D719DDC0081AB16 /* TDCountChooseViewController.h */,
				22CC03B31D719DDC0081AB16 /* TDCountChooseViewController.m */,
				22CC03B41D719DDC0081AB16 /* TDCountChooseViewController.xib */,
				22AAD39B1DA5000500DFA8DF /* TDUnCountingViewController.h */,
				22AAD39C1DA5000500DFA8DF /* TDUnCountingViewController.m */,
				22AAD39D1DA5000500DFA8DF /* TDUnCountingViewController.xib */,
			);
			name = Counting;
			sourceTree = "<group>";
		};
		2215B32D1D6F2F5000616107 /* Delivering */ = {
			isa = PBXGroup;
			children = (
				2215B3431D6F32A400616107 /* TDDeliverViewController.h */,
				2215B3441D6F32A400616107 /* TDDeliverViewController.m */,
				2215B3451D6F32A400616107 /* TDDeliverViewController.xib */,
				2215B3481D6F372600616107 /* TDDeliverScanViewController.h */,
				2215B3491D6F372600616107 /* TDDeliverScanViewController.m */,
				2215B34A1D6F372600616107 /* TDDeliverScanViewController.xib */,
				2215B3521D6F3CED00616107 /* TDDeliverChooseViewController.h */,
				2215B3531D6F3CED00616107 /* TDDeliverChooseViewController.m */,
				2215B3541D6F3CED00616107 /* TDDeliverChooseViewController.xib */,
				22013D1E1D7F158D001AD2E0 /* TDSotreListTableViewController.h */,
				22013D1F1D7F158D001AD2E0 /* TDSotreListTableViewController.m */,
				22013D201D7F158D001AD2E0 /* TDSotreListTableViewController.xib */,
			);
			name = Delivering;
			sourceTree = "<group>";
		};
		2215B32E1D6F2F7B00616107 /* OrderConfirm */ = {
			isa = PBXGroup;
			children = (
				22CC041F1D727AE50081AB16 /* TDOrderCollectionViewController.h */,
				22CC04201D727AE50081AB16 /* TDOrderCollectionViewController.m */,
				22CC04211D727AE50081AB16 /* TDOrderCollectionViewController.xib */,
				22CC04291D727D600081AB16 /* TDOrderLayout.h */,
				22CC042A1D727D600081AB16 /* TDOrderLayout.m */,
			);
			name = OrderConfirm;
			sourceTree = "<group>";
		};
		2215B32F1D6F2F8800616107 /* SearchGoods */ = {
			isa = PBXGroup;
			children = (
				2290B1BF1D61FDE50085BD49 /* TDSearchGoodViewController.h */,
				2290B1C01D61FDE50085BD49 /* TDSearchGoodViewController.m */,
				2290B1C11D61FDE50085BD49 /* TDSearchGoodViewController.xib */,
				2215B0A31D6C930600616107 /* TDSearchScanViewController.h */,
				2215B0A41D6C930600616107 /* TDSearchScanViewController.m */,
				2215B0A51D6C930600616107 /* TDSearchScanViewController.xib */,
				2215B0A81D6C953900616107 /* TDSearchChooseViewController.h */,
				2215B0A91D6C953900616107 /* TDSearchChooseViewController.m */,
				2215B0AA1D6C953900616107 /* TDSearchChooseViewController.xib */,
			);
			name = SearchGoods;
			sourceTree = "<group>";
		};
		2215B3301D6F2FB700616107 /* Verification */ = {
			isa = PBXGroup;
			children = (
				2221A8ED1D64AFC900D30775 /* TDVerifyViewController.h */,
				2221A8EE1D64AFC900D30775 /* TDVerifyViewController.m */,
				2221A8EF1D64AFC900D30775 /* TDVerifyViewController.xib */,
			);
			name = Verification;
			sourceTree = "<group>";
		};
		22409DB61D745E51004FF14C /* Cashier */ = {
			isa = PBXGroup;
			children = (
				22409DB71D745EA1004FF14C /* TDCashierViewController.h */,
				22409DB81D745EA1004FF14C /* TDCashierViewController.m */,
				22409DB91D745EA1004FF14C /* TDCashierViewController.xib */,
				22409DBC1D745EC2004FF14C /* TDCashierScanViewController.h */,
				22409DBD1D745EC2004FF14C /* TDCashierScanViewController.m */,
				22409DBE1D745EC2004FF14C /* TDCashierScanViewController.xib */,
				22409DC11D745ED8004FF14C /* TDCashierChooseViewController.h */,
				22409DC21D745ED8004FF14C /* TDCashierChooseViewController.m */,
				22409DC31D745ED8004FF14C /* TDCashierChooseViewController.xib */,
			);
			name = Cashier;
			sourceTree = "<group>";
		};
		2290B1C91D620C050085BD49 /* Views */ = {
			isa = PBXGroup;
			children = (
				22A1E0C61D7BE437007A6905 /* RATableViewCell.h */,
				22A1E0C71D7BE437007A6905 /* RATableViewCell.m */,
				22A1E0C81D7BE437007A6905 /* RATableViewCell.xib */,
				2290B1C41D6200360085BD49 /* TDScanView.h */,
				2290B1C51D6200360085BD49 /* TDScanView.m */,
				2290B1C71D6200540085BD49 /* TDScanView.xib */,
				22D9BE971D65F13900E06184 /* TDItemsBar.h */,
				22D9BE981D65F13900E06184 /* TDItemsBar.m */,
				2215B0981D6C903C00616107 /* TDProductPreviewTableViewCell.h */,
				2215B0991D6C903C00616107 /* TDProductPreviewTableViewCell.m */,
				2215B09A1D6C903C00616107 /* TDProductPreviewTableViewCell.xib */,
				22CC03C21D726BA00081AB16 /* TDCountPreviewTableViewCell.h */,
				22CC03C31D726BA00081AB16 /* TDCountPreviewTableViewCell.m */,
				22CC03C41D726BA00081AB16 /* TDCountPreviewTableViewCell.xib */,
				22CC04241D727BE50081AB16 /* TDOrderCollectionViewCell.h */,
				22CC04251D727BE50081AB16 /* TDOrderCollectionViewCell.m */,
				22CC04261D727BE50081AB16 /* TDOrderCollectionViewCell.xib */,
				2215B09D1D6C90D400616107 /* TDSaveBanner.h */,
				2215B09E1D6C90D400616107 /* TDSaveBanner.m */,
				2215B0EF1D6C9C6800616107 /* TDSaveBanner.xib */,
				2215B0A01D6C915100616107 /* TDCashierBanner.h */,
				2215B0A11D6C915100616107 /* TDCashierBanner.m */,
				22409DC61D746208004FF14C /* TDCashierBanner.xib */,
				2215B34D1D6F391700616107 /* TDOptionsBanner.h */,
				2215B34E1D6F391700616107 /* TDOptionsBanner.m */,
				2215B3501D6F394B00616107 /* TDOptionsBanner.xib */,
				22CC03B71D719E310081AB16 /* TDInfoView.h */,
				22CC03B81D719E310081AB16 /* TDInfoView.m */,
				22CC03BA1D719E400081AB16 /* TDInfoView.xib */,
				22CC03C71D726C470081AB16 /* TDCountHeader.h */,
				22CC03C81D726C470081AB16 /* TDCountHeader.m */,
				22CC03CA1D726C580081AB16 /* TDCountHeader.xib */,
				22CC04321D728F9F0081AB16 /* TDOrderPreviewCell.h */,
				22CC04331D728F9F0081AB16 /* TDOrderPreviewCell.m */,
				22CC04341D728F9F0081AB16 /* TDOrderPreviewCell.xib */,
				225FE7771D8399EB007D15E8 /* TDChooseProductCollectionViewCell.h */,
				225FE7781D8399EB007D15E8 /* TDChooseProductCollectionViewCell.m */,
				225FE7791D8399EB007D15E8 /* TDChooseProductCollectionViewCell.xib */,
				22AAD3A31DA788B200DFA8DF /* TDSearchGoodsTableViewCell.h */,
				22AAD3A41DA788B200DFA8DF /* TDSearchGoodsTableViewCell.m */,
				22AAD3A51DA788B200DFA8DF /* TDSearchGoodsTableViewCell.xib */,
				22AAD3A81DA78A5D00DFA8DF /* TDSearchGoodHeaderView.h */,
				22AAD3A91DA78A5D00DFA8DF /* TDSearchGoodHeaderView.m */,
			);
			name = Views;
			sourceTree = "<group>";
		};
		22CC03BC1D719FAA0081AB16 /* Helper */ = {
			isa = PBXGroup;
			children = (
				22CC03BD1D719FC60081AB16 /* TDHelper.h */,
				22CC03BE1D719FC60081AB16 /* TDHelper.m */,
				22CC04421D73B7130081AB16 /* NSDictionary+TDConvertToJson.h */,
				22CC04431D73B7130081AB16 /* NSDictionary+TDConvertToJson.m */,
				22E0A0141D786EA600786749 /* TDParser.h */,
				22E0A0151D786EA600786749 /* TDParser.m */,
			);
			name = Helper;
			sourceTree = "<group>";
		};
		22CC042C1D728F2E0081AB16 /* GetOrder */ = {
			isa = PBXGroup;
			children = (
				22CC04371D72907D0081AB16 /* TDGetOrderCollectionViewController.h */,
				22CC04381D72907D0081AB16 /* TDGetOrderCollectionViewController.m */,
				22CC04391D72907D0081AB16 /* TDGetOrderCollectionViewController.xib */,
			);
			name = GetOrder;
			sourceTree = "<group>";
		};
		22D0A1231D54820300D27A6A /* Networking */ = {
			isa = PBXGroup;
			children = (
				22CC043C1D7294A70081AB16 /* TDClient.h */,
				22CC043D1D7294A70081AB16 /* TDClient.m */,
			);
			name = Networking;
			sourceTree = "<group>";
		};
		22D0A1241D54820C00D27A6A /* UIKit */ = {
			isa = PBXGroup;
			children = (
				22FA3C191D79D7B800B27328 /*  Settlement */,
				22409DB61D745E51004FF14C /* Cashier */,
				22CC042C1D728F2E0081AB16 /* GetOrder */,
				22CC03BC1D719FAA0081AB16 /* Helper */,
				2215B3301D6F2FB700616107 /* Verification */,
				2215B32F1D6F2F8800616107 /* SearchGoods */,
				2215B32E1D6F2F7B00616107 /* OrderConfirm */,
				2215B32D1D6F2F5000616107 /* Delivering */,
				2215B32C1D6F2F1D00616107 /* Counting */,
				2290B1C91D620C050085BD49 /* Views */,
				22DCDDB31D4EF0010068983C /* ViewController.h */,
				22DCDDB41D4EF0010068983C /* ViewController.m */,
				22DCDDB61D4EF0010068983C /* Main.storyboard */,
				22D0A1251D54826800D27A6A /* TDZbarReaderManager.h */,
				22D0A1261D54826800D27A6A /* TDZbarReaderManager.m */,
				2290A9321D60B74D0085BD49 /* TDMainViewController.h */,
				2290A9331D60B74D0085BD49 /* TDMainViewController.m */,
				2290A9341D60B74D0085BD49 /* TDMainViewController.xib */,
				2215B3401D6F30E700616107 /* TDBaseViewController.h */,
				2215B3411D6F30E700616107 /* TDBaseViewController.m */,
				22FA3C161D79C93D00B27328 /* TDScanBaseViewController.h */,
				22FA3C171D79C93D00B27328 /* TDScanBaseViewController.m */,
				22703A0B1D7DB9DF0060F8D2 /* TDChooseBaseViewController.h */,
				22703A0C1D7DB9DF0060F8D2 /* TDChooseBaseViewController.m */,
				225FE7741D839963007D15E8 /* TDChooseProductLayout.h */,
				225FE7751D839963007D15E8 /* TDChooseProductLayout.m */,
				22AAD3961DA4A4DC00DFA8DF /* TDProductDetailViewController.h */,
				22AAD3971DA4A4DC00DFA8DF /* TDProductDetailViewController.m */,
				22AAD3981DA4A4DC00DFA8DF /* TDProductDetailViewController.xib */,
				22AAD3A01DA5082B00DFA8DF /* TDDateViewController.h */,
				22AAD3A11DA5082B00DFA8DF /* TDDateViewController.m */,
			);
			name = UIKit;
			sourceTree = "<group>";
		};
		22DCDDA11D4EF0010068983C = {
			isa = PBXGroup;
			children = (
				22D62F671DB38898002B2453 /* libqrencoder.a */,
				22DCDDAC1D4EF0010068983C /* TDDMZ */,
				22DCDDC61D4EF0010068983C /* TDDMZTests */,
				22DCDDD11D4EF0010068983C /* TDDMZUITests */,
				22DCDDAB1D4EF0010068983C /* Products */,
				E89AC573BE2AB1C12571528E /* Pods */,
				082D8958152A1A95ED910493 /* Frameworks */,
			);
			sourceTree = "<group>";
		};
		22DCDDAB1D4EF0010068983C /* Products */ = {
			isa = PBXGroup;
			children = (
				22DCDDAA1D4EF0010068983C /* TDDMZ.app */,
				22DCDDC31D4EF0010068983C /* TDDMZTests.xctest */,
				22DCDDCE1D4EF0010068983C /* TDDMZUITests.xctest */,
			);
			name = Products;
			sourceTree = "<group>";
		};
		22DCDDAC1D4EF0010068983C /* TDDMZ */ = {
			isa = PBXGroup;
			children = (
				22E0A00A1D786A6500786749 /* Model */,
				22D0A1241D54820C00D27A6A /* UIKit */,
				22D0A1231D54820300D27A6A /* Networking */,
				22DCDDB01D4EF0010068983C /* AppDelegate.h */,
				22DCDDB11D4EF0010068983C /* AppDelegate.m */,
				22DCDDAD1D4EF0010068983C /* Supporting Files */,
			);
			path = TDDMZ;
			sourceTree = "<group>";
		};
		22DCDDAD1D4EF0010068983C /* Supporting Files */ = {
			isa = PBXGroup;
			children = (
				22D0A1281D548B1200D27A6A /* TDDMZ-prefix.pch */,
				2290A92B1D608FBF0085BD49 /* Assets.xcassets */,
				22DCDDAE1D4EF0010068983C /* main.m */,
				22DCDDBB1D4EF0010068983C /* LaunchScreen.storyboard */,
				22DCDDBE1D4EF0010068983C /* Info.plist */,
			);
			name = "Supporting Files";
			sourceTree = "<group>";
		};
		22DCDDC61D4EF0010068983C /* TDDMZTests */ = {
			isa = PBXGroup;
			children = (
				22DCDDC71D4EF0010068983C /* TDDMZTests.m */,
				22DCDDC91D4EF0010068983C /* Info.plist */,
			);
			path = TDDMZTests;
			sourceTree = "<group>";
		};
		22DCDDD11D4EF0010068983C /* TDDMZUITests */ = {
			isa = PBXGroup;
			children = (
				22DCDDD21D4EF0010068983C /* TDDMZUITests.m */,
				22DCDDD41D4EF0010068983C /* Info.plist */,
			);
			path = TDDMZUITests;
			sourceTree = "<group>";
		};
		22E0A00A1D786A6500786749 /* Model */ = {
			isa = PBXGroup;
			children = (
				22E0A00B1D786AA100786749 /* TDGood.h */,
				22E0A00C1D786AA100786749 /* TDGood.m */,
				22E0A00E1D786AB200786749 /* TDStore.h */,
				22E0A00F1D786AB200786749 /* TDStore.m */,
				22E0A0111D786B6800786749 /* TDCategory.h */,
				22E0A0121D786B6800786749 /* TDCategory.m */,
				22A1E0CB1D7BE4B2007A6905 /* RADataObject.h */,
				22A1E0CC1D7BE4B2007A6905 /* RADataObject.m */,
			);
			name = Model;
			sourceTree = "<group>";
		};
		22FA3C191D79D7B800B27328 /*  Settlement */ = {
			isa = PBXGroup;
			children = (
				22FA3C1A1D79D7E400B27328 /* TDSettlementViewController.h */,
				22FA3C1B1D79D7E400B27328 /* TDSettlementViewController.m */,
				22FA3C1C1D79D7E400B27328 /* TDSettlementViewController.xib */,
				22013D191D7F0CCE001AD2E0 /* TDCustomerSettlementViewController.h */,
				22013D1A1D7F0CCE001AD2E0 /* TDCustomerSettlementViewController.mm */,
				22013D1B1D7F0CCE001AD2E0 /* TDCustomerSettlementViewController.xib */,
			);
			name = " Settlement";
			sourceTree = "<group>";
		};
		E89AC573BE2AB1C12571528E /* Pods */ = {
			isa = PBXGroup;
			children = (
				C495F91967DBD12A9BE3E16A /* Pods.debug.xcconfig */,
				C701B8FF8DB232AA352E17A9 /* Pods.release.xcconfig */,
			);
			name = Pods;
			sourceTree = "<group>";
		};
/* End PBXGroup section */

/* Begin PBXNativeTarget section */
		22DCDDA91D4EF0010068983C /* TDDMZ */ = {
			isa = PBXNativeTarget;
			buildConfigurationList = 22DCDDD71D4EF0010068983C /* Build configuration list for PBXNativeTarget "TDDMZ" */;
			buildPhases = (
				199111C2EFCD15D891A75A97 /* Check Pods Manifest.lock */,
				22DCDDA61D4EF0010068983C /* Sources */,
				22DCDDA71D4EF0010068983C /* Frameworks */,
				22DCDDA81D4EF0010068983C /* Resources */,
				DC86CFA50803B2C524A08C75 /* Embed Pods Frameworks */,
				40D91210F62D625186275D53 /* Copy Pods Resources */,
			);
			buildRules = (
			);
			dependencies = (
			);
			name = TDDMZ;
			productName = TDDMZ;
			productReference = 22DCDDAA1D4EF0010068983C /* TDDMZ.app */;
			productType = "com.apple.product-type.application";
		};
		22DCDDC21D4EF0010068983C /* TDDMZTests */ = {
			isa = PBXNativeTarget;
			buildConfigurationList = 22DCDDDA1D4EF0010068983C /* Build configuration list for PBXNativeTarget "TDDMZTests" */;
			buildPhases = (
				22DCDDBF1D4EF0010068983C /* Sources */,
				22DCDDC01D4EF0010068983C /* Frameworks */,
				22DCDDC11D4EF0010068983C /* Resources */,
			);
			buildRules = (
			);
			dependencies = (
				22DCDDC51D4EF0010068983C /* PBXTargetDependency */,
			);
			name = TDDMZTests;
			productName = TDDMZTests;
			productReference = 22DCDDC31D4EF0010068983C /* TDDMZTests.xctest */;
			productType = "com.apple.product-type.bundle.unit-test";
		};
		22DCDDCD1D4EF0010068983C /* TDDMZUITests */ = {
			isa = PBXNativeTarget;
			buildConfigurationList = 22DCDDDD1D4EF0010068983C /* Build configuration list for PBXNativeTarget "TDDMZUITests" */;
			buildPhases = (
				22DCDDCA1D4EF0010068983C /* Sources */,
				22DCDDCB1D4EF0010068983C /* Frameworks */,
				22DCDDCC1D4EF0010068983C /* Resources */,
			);
			buildRules = (
			);
			dependencies = (
				22DCDDD01D4EF0010068983C /* PBXTargetDependency */,
			);
			name = TDDMZUITests;
			productName = TDDMZUITests;
			productReference = 22DCDDCE1D4EF0010068983C /* TDDMZUITests.xctest */;
			productType = "com.apple.product-type.bundle.ui-testing";
		};
/* End PBXNativeTarget section */

/* Begin PBXProject section */
		22DCDDA21D4EF0010068983C /* Project object */ = {
			isa = PBXProject;
			attributes = {
				LastUpgradeCheck = 0800;
				ORGANIZATIONNAME = "Roger (Wei) Zhang";
				TargetAttributes = {
					22DCDDA91D4EF0010068983C = {
						CreatedOnToolsVersion = 7.3.1;
						DevelopmentTeam = M932RC5J66;
					};
					22DCDDC21D4EF0010068983C = {
						CreatedOnToolsVersion = 7.3.1;
						TestTargetID = 22DCDDA91D4EF0010068983C;
					};
					22DCDDCD1D4EF0010068983C = {
						CreatedOnToolsVersion = 7.3.1;
						TestTargetID = 22DCDDA91D4EF0010068983C;
					};
				};
			};
			buildConfigurationList = 22DCDDA51D4EF0010068983C /* Build configuration list for PBXProject "TDDMZ" */;
			compatibilityVersion = "Xcode 3.2";
			developmentRegion = English;
			hasScannedForEncodings = 0;
			knownRegions = (
				en,
				Base,
			);
			mainGroup = 22DCDDA11D4EF0010068983C;
			productRefGroup = 22DCDDAB1D4EF0010068983C /* Products */;
			projectDirPath = "";
			projectRoot = "";
			targets = (
				22DCDDA91D4EF0010068983C /* TDDMZ */,
				22DCDDC21D4EF0010068983C /* TDDMZTests */,
				22DCDDCD1D4EF0010068983C /* TDDMZUITests */,
			);
		};
/* End PBXProject section */

/* Begin PBXResourcesBuildPhase section */
		22DCDDA81D4EF0010068983C /* Resources */ = {
			isa = PBXResourcesBuildPhase;
			buildActionMask = 2147483647;
			files = (
				22CC03CB1D726C580081AB16 /* TDCountHeader.xib in Resources */,
				22CC04281D727BE50081AB16 /* TDOrderCollectionViewCell.xib in Resources */,
				2215B3511D6F394B00616107 /* TDOptionsBanner.xib in Resources */,
				22CC04231D727AE50081AB16 /* TDOrderCollectionViewController.xib in Resources */,
				2215B09C1D6C903C00616107 /* TDProductPreviewTableViewCell.xib in Resources */,
				22AAD3A71DA788B200DFA8DF /* TDSearchGoodsTableViewCell.xib in Resources */,
				22013D1D1D7F0CCE001AD2E0 /* TDCustomerSettlementViewController.xib in Resources */,
				2215B0F01D6C9C6800616107 /* TDSaveBanner.xib in Resources */,
				2221A8F11D64AFC900D30775 /* TDVerifyViewController.xib in Resources */,
				22409DC01D745EC2004FF14C /* TDCashierScanViewController.xib in Resources */,
				2215B3351D6F304500616107 /* TDCountingViewController.xib in Resources */,
				2215B0AC1D6C953900616107 /* TDSearchChooseViewController.xib in Resources */,
				2215B34C1D6F372600616107 /* TDDeliverScanViewController.xib in Resources */,
				22CC04361D728F9F0081AB16 /* TDOrderPreviewCell.xib in Resources */,
				22FA3C1E1D79D7E400B27328 /* TDSettlementViewController.xib in Resources */,
				22DCDDBD1D4EF0010068983C /* LaunchScreen.storyboard in Resources */,
				22409DC71D746208004FF14C /* TDCashierBanner.xib in Resources */,
				22AAD39F1DA5000500DFA8DF /* TDUnCountingViewController.xib in Resources */,
				2290B1C81D6200540085BD49 /* TDScanView.xib in Resources */,
				22CC03BB1D719E400081AB16 /* TDInfoView.xib in Resources */,
				22409DBB1D745EA1004FF14C /* TDCashierViewController.xib in Resources */,
				22CC03B61D719DDC0081AB16 /* TDCountChooseViewController.xib in Resources */,
				22CC043B1D72907D0081AB16 /* TDGetOrderCollectionViewController.xib in Resources */,
				22CC03C61D726BA00081AB16 /* TDCountPreviewTableViewCell.xib in Resources */,
				22CC03B11D719DC50081AB16 /* TDCountScanViewController.xib in Resources */,
				2290A9361D60B74D0085BD49 /* TDMainViewController.xib in Resources */,
				2215B3471D6F32A400616107 /* TDDeliverViewController.xib in Resources */,
				2290B1C31D61FDE50085BD49 /* TDSearchGoodViewController.xib in Resources */,
				22013D221D7F158D001AD2E0 /* TDSotreListTableViewController.xib in Resources */,
				225FE77B1D8399EB007D15E8 /* TDChooseProductCollectionViewCell.xib in Resources */,
				22A1E0CA1D7BE437007A6905 /* RATableViewCell.xib in Resources */,
				2290A92C1D608FBF0085BD49 /* Assets.xcassets in Resources */,
				22409DC51D745ED8004FF14C /* TDCashierChooseViewController.xib in Resources */,
				2215B0A71D6C930600616107 /* TDSearchScanViewController.xib in Resources */,
				22DCDDB81D4EF0010068983C /* Main.storyboard in Resources */,
				22AAD39A1DA4A4DC00DFA8DF /* TDProductDetailViewController.xib in Resources */,
				2215B3561D6F3CED00616107 /* TDDeliverChooseViewController.xib in Resources */,
			);
			runOnlyForDeploymentPostprocessing = 0;
		};
		22DCDDC11D4EF0010068983C /* Resources */ = {
			isa = PBXResourcesBuildPhase;
			buildActionMask = 2147483647;
			files = (
			);
			runOnlyForDeploymentPostprocessing = 0;
		};
		22DCDDCC1D4EF0010068983C /* Resources */ = {
			isa = PBXResourcesBuildPhase;
			buildActionMask = 2147483647;
			files = (
			);
			runOnlyForDeploymentPostprocessing = 0;
		};
/* End PBXResourcesBuildPhase section */

/* Begin PBXShellScriptBuildPhase section */
		199111C2EFCD15D891A75A97 /* Check Pods Manifest.lock */ = {
			isa = PBXShellScriptBuildPhase;
			buildActionMask = 2147483647;
			files = (
			);
			inputPaths = (
			);
			name = "Check Pods Manifest.lock";
			outputPaths = (
			);
			runOnlyForDeploymentPostprocessing = 0;
			shellPath = /bin/sh;
			shellScript = "diff \"${PODS_ROOT}/../Podfile.lock\" \"${PODS_ROOT}/Manifest.lock\" > /dev/null\nif [[ $? != 0 ]] ; then\n    cat << EOM\nerror: The sandbox is not in sync with the Podfile.lock. Run 'pod install' or update your CocoaPods installation.\nEOM\n    exit 1\nfi\n";
			showEnvVarsInLog = 0;
		};
		40D91210F62D625186275D53 /* Copy Pods Resources */ = {
			isa = PBXShellScriptBuildPhase;
			buildActionMask = 2147483647;
			files = (
			);
			inputPaths = (
			);
			name = "Copy Pods Resources";
			outputPaths = (
			);
			runOnlyForDeploymentPostprocessing = 0;
			shellPath = /bin/sh;
			shellScript = "\"${SRCROOT}/Pods/Target Support Files/Pods/Pods-resources.sh\"\n";
			showEnvVarsInLog = 0;
		};
		DC86CFA50803B2C524A08C75 /* Embed Pods Frameworks */ = {
			isa = PBXShellScriptBuildPhase;
			buildActionMask = 2147483647;
			files = (
			);
			inputPaths = (
			);
			name = "Embed Pods Frameworks";
			outputPaths = (
			);
			runOnlyForDeploymentPostprocessing = 0;
			shellPath = /bin/sh;
			shellScript = "\"${SRCROOT}/Pods/Target Support Files/Pods/Pods-frameworks.sh\"\n";
			showEnvVarsInLog = 0;
		};
/* End PBXShellScriptBuildPhase section */

/* Begin PBXSourcesBuildPhase section */
		22DCDDA61D4EF0010068983C /* Sources */ = {
			isa = PBXSourcesBuildPhase;
			buildActionMask = 2147483647;
			files = (
				22DCDDB51D4EF0010068983C /* ViewController.m in Sources */,
				22013D1C1D7F0CCE001AD2E0 /* TDCustomerSettlementViewController.mm in Sources */,
				22CC04271D727BE50081AB16 /* TDOrderCollectionViewCell.m in Sources */,
				22FA3C181D79C93D00B27328 /* TDScanBaseViewController.m in Sources */,
				22FA3C1D1D79D7E400B27328 /* TDSettlementViewController.m in Sources */,
				22AAD39E1DA5000500DFA8DF /* TDUnCountingViewController.m in Sources */,
				22AAD3A21DA5082B00DFA8DF /* TDDateViewController.m in Sources */,
				22409DBA1D745EA1004FF14C /* TDCashierViewController.m in Sources */,
				22CC04351D728F9F0081AB16 /* TDOrderPreviewCell.m in Sources */,
				2215B0A61D6C930600616107 /* TDSearchScanViewController.m in Sources */,
				22CC043A1D72907D0081AB16 /* TDGetOrderCollectionViewController.m in Sources */,
				22D0A1271D54826800D27A6A /* TDZbarReaderManager.m in Sources */,
				22A1E0CD1D7BE4B2007A6905 /* RADataObject.m in Sources */,
				2215B3421D6F30E700616107 /* TDBaseViewController.m in Sources */,
				22CC03B91D719E310081AB16 /* TDInfoView.m in Sources */,
				22E0A0101D786AB200786749 /* TDStore.m in Sources */,
				22CC042B1D727D600081AB16 /* TDOrderLayout.m in Sources */,
				22CC03BF1D719FC60081AB16 /* TDHelper.m in Sources */,
				22E0A0131D786B6800786749 /* TDCategory.m in Sources */,
				22CC04221D727AE50081AB16 /* TDOrderCollectionViewController.m in Sources */,
				2215B09B1D6C903C00616107 /* TDProductPreviewTableViewCell.m in Sources */,
				2215B3551D6F3CED00616107 /* TDDeliverChooseViewController.m in Sources */,
				2215B3461D6F32A400616107 /* TDDeliverViewController.m in Sources */,
				22CC04441D73B7130081AB16 /* NSDictionary+TDConvertToJson.m in Sources */,
				22409DBF1D745EC2004FF14C /* TDCashierScanViewController.m in Sources */,
				22A1E0C91D7BE437007A6905 /* RATableViewCell.m in Sources */,
				22AAD3A61DA788B200DFA8DF /* TDSearchGoodsTableViewCell.m in Sources */,
				22703A0D1D7DB9DF0060F8D2 /* TDChooseBaseViewController.m in Sources */,
				2290B1C61D6200360085BD49 /* TDScanView.m in Sources */,
				225FE7761D839963007D15E8 /* TDChooseProductLayout.m in Sources */,
				22DCDDB21D4EF0010068983C /* AppDelegate.m in Sources */,
				2215B0A21D6C915100616107 /* TDCashierBanner.m in Sources */,
				2215B0AB1D6C953900616107 /* TDSearchChooseViewController.m in Sources */,
				22CC03B51D719DDC0081AB16 /* TDCountChooseViewController.m in Sources */,
				2215B09F1D6C90D400616107 /* TDSaveBanner.m in Sources */,
				2290A9351D60B74D0085BD49 /* TDMainViewController.m in Sources */,
				22CC03C91D726C470081AB16 /* TDCountHeader.m in Sources */,
				22409DC41D745ED8004FF14C /* TDCashierChooseViewController.m in Sources */,
				22DCDDAF1D4EF0010068983C /* main.m in Sources */,
				2215B34B1D6F372600616107 /* TDDeliverScanViewController.m in Sources */,
				2290B1C21D61FDE50085BD49 /* TDSearchGoodViewController.m in Sources */,
				22E0A00D1D786AA100786749 /* TDGood.m in Sources */,
				2215B3341D6F304500616107 /* TDCountingViewController.m in Sources */,
				22D9BE991D65F13900E06184 /* TDItemsBar.m in Sources */,
				22E0A0161D786EA600786749 /* TDParser.m in Sources */,
				2221A8F01D64AFC900D30775 /* TDVerifyViewController.m in Sources */,
				22AAD3AA1DA78A5D00DFA8DF /* TDSearchGoodHeaderView.m in Sources */,
				225FE77A1D8399EB007D15E8 /* TDChooseProductCollectionViewCell.m in Sources */,
				22013D211D7F158D001AD2E0 /* TDSotreListTableViewController.m in Sources */,
				22AAD3991DA4A4DC00DFA8DF /* TDProductDetailViewController.m in Sources */,
				22CC043E1D7294A70081AB16 /* TDClient.m in Sources */,
				22CC03B01D719DC50081AB16 /* TDCountScanViewController.m in Sources */,
				2215B34F1D6F391700616107 /* TDOptionsBanner.m in Sources */,
				22CC03C51D726BA00081AB16 /* TDCountPreviewTableViewCell.m in Sources */,
			);
			runOnlyForDeploymentPostprocessing = 0;
		};
		22DCDDBF1D4EF0010068983C /* Sources */ = {
			isa = PBXSourcesBuildPhase;
			buildActionMask = 2147483647;
			files = (
				22DCDDC81D4EF0010068983C /* TDDMZTests.m in Sources */,
			);
			runOnlyForDeploymentPostprocessing = 0;
		};
		22DCDDCA1D4EF0010068983C /* Sources */ = {
			isa = PBXSourcesBuildPhase;
			buildActionMask = 2147483647;
			files = (
				22DCDDD31D4EF0010068983C /* TDDMZUITests.m in Sources */,
			);
			runOnlyForDeploymentPostprocessing = 0;
		};
/* End PBXSourcesBuildPhase section */

/* Begin PBXTargetDependency section */
		22DCDDC51D4EF0010068983C /* PBXTargetDependency */ = {
			isa = PBXTargetDependency;
			target = 22DCDDA91D4EF0010068983C /* TDDMZ */;
			targetProxy = 22DCDDC41D4EF0010068983C /* PBXContainerItemProxy */;
		};
		22DCDDD01D4EF0010068983C /* PBXTargetDependency */ = {
			isa = PBXTargetDependency;
			target = 22DCDDA91D4EF0010068983C /* TDDMZ */;
			targetProxy = 22DCDDCF1D4EF0010068983C /* PBXContainerItemProxy */;
		};
/* End PBXTargetDependency section */

/* Begin PBXVariantGroup section */
		22DCDDB61D4EF0010068983C /* Main.storyboard */ = {
			isa = PBXVariantGroup;
			children = (
				22DCDDB71D4EF0010068983C /* Base */,
			);
			name = Main.storyboard;
			sourceTree = "<group>";
		};
		22DCDDBB1D4EF0010068983C /* LaunchScreen.storyboard */ = {
			isa = PBXVariantGroup;
			children = (
				22DCDDBC1D4EF0010068983C /* Base */,
			);
			name = LaunchScreen.storyboard;
			sourceTree = "<group>";
		};
/* End PBXVariantGroup section */

/* Begin XCBuildConfiguration section */
		22DCDDD51D4EF0010068983C /* Debug */ = {
			isa = XCBuildConfiguration;
			buildSettings = {
				ALWAYS_SEARCH_USER_PATHS = NO;
				CLANG_ANALYZER_NONNULL = YES;
				CLANG_CXX_LANGUAGE_STANDARD = "gnu++0x";
				CLANG_CXX_LIBRARY = "libc++";
				CLANG_ENABLE_MODULES = YES;
				CLANG_ENABLE_OBJC_ARC = YES;
				CLANG_WARN_BOOL_CONVERSION = YES;
				CLANG_WARN_CONSTANT_CONVERSION = YES;
				CLANG_WARN_DIRECT_OBJC_ISA_USAGE = YES_ERROR;
				CLANG_WARN_EMPTY_BODY = YES;
				CLANG_WARN_ENUM_CONVERSION = YES;
				CLANG_WARN_INFINITE_RECURSION = YES;
				CLANG_WARN_INT_CONVERSION = YES;
				CLANG_WARN_OBJC_ROOT_CLASS = YES_ERROR;
				CLANG_WARN_SUSPICIOUS_MOVE = YES;
				CLANG_WARN_UNREACHABLE_CODE = YES;
				CLANG_WARN__DUPLICATE_METHOD_MATCH = YES;
				"CODE_SIGN_IDENTITY[sdk=iphoneos*]" = "iPhone Developer";
				COPY_PHASE_STRIP = NO;
				DEBUG_INFORMATION_FORMAT = dwarf;
				ENABLE_STRICT_OBJC_MSGSEND = YES;
				ENABLE_TESTABILITY = YES;
				GCC_C_LANGUAGE_STANDARD = gnu99;
				GCC_DYNAMIC_NO_PIC = NO;
				GCC_NO_COMMON_BLOCKS = YES;
				GCC_OPTIMIZATION_LEVEL = 0;
				GCC_PREPROCESSOR_DEFINITIONS = (
					"DEBUG=1",
					"$(inherited)",
				);
				GCC_WARN_64_TO_32_BIT_CONVERSION = YES;
				GCC_WARN_ABOUT_RETURN_TYPE = YES_ERROR;
				GCC_WARN_UNDECLARED_SELECTOR = YES;
				GCC_WARN_UNINITIALIZED_AUTOS = YES_AGGRESSIVE;
				GCC_WARN_UNUSED_FUNCTION = YES;
				GCC_WARN_UNUSED_VARIABLE = YES;
				IPHONEOS_DEPLOYMENT_TARGET = 9.3;
				MTL_ENABLE_DEBUG_INFO = YES;
				ONLY_ACTIVE_ARCH = YES;
				SDKROOT = iphoneos;
				TARGETED_DEVICE_FAMILY = 2;
			};
			name = Debug;
		};
		22DCDDD61D4EF0010068983C /* Release */ = {
			isa = XCBuildConfiguration;
			buildSettings = {
				ALWAYS_SEARCH_USER_PATHS = NO;
				CLANG_ANALYZER_NONNULL = YES;
				CLANG_CXX_LANGUAGE_STANDARD = "gnu++0x";
				CLANG_CXX_LIBRARY = "libc++";
				CLANG_ENABLE_MODULES = YES;
				CLANG_ENABLE_OBJC_ARC = YES;
				CLANG_WARN_BOOL_CONVERSION = YES;
				CLANG_WARN_CONSTANT_CONVERSION = YES;
				CLANG_WARN_DIRECT_OBJC_ISA_USAGE = YES_ERROR;
				CLANG_WARN_EMPTY_BODY = YES;
				CLANG_WARN_ENUM_CONVERSION = YES;
				CLANG_WARN_INFINITE_RECURSION = YES;
				CLANG_WARN_INT_CONVERSION = YES;
				CLANG_WARN_OBJC_ROOT_CLASS = YES_ERROR;
				CLANG_WARN_SUSPICIOUS_MOVE = YES;
				CLANG_WARN_UNREACHABLE_CODE = YES;
				CLANG_WARN__DUPLICATE_METHOD_MATCH = YES;
				"CODE_SIGN_IDENTITY[sdk=iphoneos*]" = "iPhone Developer";
				COPY_PHASE_STRIP = NO;
				DEBUG_INFORMATION_FORMAT = "dwarf-with-dsym";
				ENABLE_NS_ASSERTIONS = NO;
				ENABLE_STRICT_OBJC_MSGSEND = YES;
				GCC_C_LANGUAGE_STANDARD = gnu99;
				GCC_NO_COMMON_BLOCKS = YES;
				GCC_WARN_64_TO_32_BIT_CONVERSION = YES;
				GCC_WARN_ABOUT_RETURN_TYPE = YES_ERROR;
				GCC_WARN_UNDECLARED_SELECTOR = YES;
				GCC_WARN_UNINITIALIZED_AUTOS = YES_AGGRESSIVE;
				GCC_WARN_UNUSED_FUNCTION = YES;
				GCC_WARN_UNUSED_VARIABLE = YES;
				IPHONEOS_DEPLOYMENT_TARGET = 9.3;
				MTL_ENABLE_DEBUG_INFO = NO;
				SDKROOT = iphoneos;
				TARGETED_DEVICE_FAMILY = 2;
				VALIDATE_PRODUCT = YES;
			};
			name = Release;
		};
		22DCDDD81D4EF0010068983C /* Debug */ = {
			isa = XCBuildConfiguration;
			baseConfigurationReference = C495F91967DBD12A9BE3E16A /* Pods.debug.xcconfig */;
			buildSettings = {
				ASSETCATALOG_COMPILER_APPICON_NAME = AppIcon;
				CODE_SIGN_IDENTITY = "iPhone Developer";
				"CODE_SIGN_IDENTITY[sdk=iphoneos*]" = "iPhone Developer";
				GCC_INCREASE_PRECOMPILED_HEADER_SHARING = NO;
				GCC_PRECOMPILE_PREFIX_HEADER = NO;
				GCC_PREFIX_HEADER = "${SRCROOT}/TDDMZ/TDDMZ-prefix.pch";
				INFOPLIST_FILE = TDDMZ/Info.plist;
				IPHONEOS_DEPLOYMENT_TARGET = 8.0;
				LD_RUNPATH_SEARCH_PATHS = "$(inherited) @executable_path/Frameworks";
				LIBRARY_SEARCH_PATHS = (
					"$(inherited)",
					"$(PROJECT_DIR)",
				);
				PRODUCT_BUNDLE_IDENTIFIER = com.ringcentral.TDDMZ;
				PRODUCT_NAME = "$(TARGET_NAME)";
				PROVISIONING_PROFILE = "";
				TARGETED_DEVICE_FAMILY = 2;
			};
			name = Debug;
		};
		22DCDDD91D4EF0010068983C /* Release */ = {
			isa = XCBuildConfiguration;
			baseConfigurationReference = C701B8FF8DB232AA352E17A9 /* Pods.release.xcconfig */;
			buildSettings = {
				ASSETCATALOG_COMPILER_APPICON_NAME = AppIcon;
				CODE_SIGN_IDENTITY = "iPhone Developer";
				"CODE_SIGN_IDENTITY[sdk=iphoneos*]" = "iPhone Developer";
				GCC_INCREASE_PRECOMPILED_HEADER_SHARING = NO;
				GCC_PRECOMPILE_PREFIX_HEADER = NO;
				GCC_PREFIX_HEADER = "${SRCROOT}/TDDMZ/TDDMZ-prefix.pch";
				INFOPLIST_FILE = TDDMZ/Info.plist;
				IPHONEOS_DEPLOYMENT_TARGET = 8.0;
				LD_RUNPATH_SEARCH_PATHS = "$(inherited) @executable_path/Frameworks";
				LIBRARY_SEARCH_PATHS = (
					"$(inherited)",
					"$(PROJECT_DIR)",
				);
				PRODUCT_BUNDLE_IDENTIFIER = com.ringcentral.TDDMZ;
				PRODUCT_NAME = "$(TARGET_NAME)";
				PROVISIONING_PROFILE = "";
				TARGETED_DEVICE_FAMILY = 2;
			};
			name = Release;
		};
		22DCDDDB1D4EF0010068983C /* Debug */ = {
			isa = XCBuildConfiguration;
			buildSettings = {
				BUNDLE_LOADER = "$(TEST_HOST)";
				INFOPLIST_FILE = TDDMZTests/Info.plist;
				LD_RUNPATH_SEARCH_PATHS = "$(inherited) @executable_path/Frameworks @loader_path/Frameworks";
				PRODUCT_BUNDLE_IDENTIFIER = com.ringcentral.TDDMZTests;
				PRODUCT_NAME = "$(TARGET_NAME)";
				TEST_HOST = "$(BUILT_PRODUCTS_DIR)/TDDMZ.app/TDDMZ";
			};
			name = Debug;
		};
		22DCDDDC1D4EF0010068983C /* Release */ = {
			isa = XCBuildConfiguration;
			buildSettings = {
				BUNDLE_LOADER = "$(TEST_HOST)";
				INFOPLIST_FILE = TDDMZTests/Info.plist;
				LD_RUNPATH_SEARCH_PATHS = "$(inherited) @executable_path/Frameworks @loader_path/Frameworks";
				PRODUCT_BUNDLE_IDENTIFIER = com.ringcentral.TDDMZTests;
				PRODUCT_NAME = "$(TARGET_NAME)";
				TEST_HOST = "$(BUILT_PRODUCTS_DIR)/TDDMZ.app/TDDMZ";
			};
			name = Release;
		};
		22DCDDDE1D4EF0010068983C /* Debug */ = {
			isa = XCBuildConfiguration;
			buildSettings = {
				INFOPLIST_FILE = TDDMZUITests/Info.plist;
				LD_RUNPATH_SEARCH_PATHS = "$(inherited) @executable_path/Frameworks @loader_path/Frameworks";
				PRODUCT_BUNDLE_IDENTIFIER = com.ringcentral.TDDMZUITests;
				PRODUCT_NAME = "$(TARGET_NAME)";
				TEST_TARGET_NAME = TDDMZ;
			};
			name = Debug;
		};
		22DCDDDF1D4EF0010068983C /* Release */ = {
			isa = XCBuildConfiguration;
			buildSettings = {
				INFOPLIST_FILE = TDDMZUITests/Info.plist;
				LD_RUNPATH_SEARCH_PATHS = "$(inherited) @executable_path/Frameworks @loader_path/Frameworks";
				PRODUCT_BUNDLE_IDENTIFIER = com.ringcentral.TDDMZUITests;
				PRODUCT_NAME = "$(TARGET_NAME)";
				TEST_TARGET_NAME = TDDMZ;
			};
			name = Release;
		};
/* End XCBuildConfiguration section */

/* Begin XCConfigurationList section */
		22DCDDA51D4EF0010068983C /* Build configuration list for PBXProject "TDDMZ" */ = {
			isa = XCConfigurationList;
			buildConfigurations = (
				22DCDDD51D4EF0010068983C /* Debug */,
				22DCDDD61D4EF0010068983C /* Release */,
			);
			defaultConfigurationIsVisible = 0;
			defaultConfigurationName = Release;
		};
		22DCDDD71D4EF0010068983C /* Build configuration list for PBXNativeTarget "TDDMZ" */ = {
			isa = XCConfigurationList;
			buildConfigurations = (
				22DCDDD81D4EF0010068983C /* Debug */,
				22DCDDD91D4EF0010068983C /* Release */,
			);
			defaultConfigurationIsVisible = 0;
			defaultConfigurationName = Release;
		};
		22DCDDDA1D4EF0010068983C /* Build configuration list for PBXNativeTarget "TDDMZTests" */ = {
			isa = XCConfigurationList;
			buildConfigurations = (
				22DCDDDB1D4EF0010068983C /* Debug */,
				22DCDDDC1D4EF0010068983C /* Release */,
			);
			defaultConfigurationIsVisible = 0;
			defaultConfigurationName = Release;
		};
		22DCDDDD1D4EF0010068983C /* Build configuration list for PBXNativeTarget "TDDMZUITests" */ = {
			isa = XCConfigurationList;
			buildConfigurations = (
				22DCDDDE1D4EF0010068983C /* Debug */,
				22DCDDDF1D4EF0010068983C /* Release */,
			);
			defaultConfigurationIsVisible = 0;
			defaultConfigurationName = Release;
		};
/* End XCConfigurationList section */
	};
	rootObject = 22DCDDA21D4EF0010068983C /* Project object */;
}
